
Microsoft Visual Studio Solution File, Format Version 12.00
# Visual Studio 15
VisualStudioVersion = 15.0.27130.2027
MinimumVisualStudioVersion = 10.0.40219.1
Project("{FAE04EC0-301F-11D3-BF4B-00C04F79EFBC}") = "Citadel.Core.Windows", "Citadel.Core.Windows\Citadel.Core.Windows.csproj", "{21FEED3B-6E82-4FED-874E-2EEC12C4B28C}"
EndProject
Project("{FAE04EC0-301F-11D3-BF4B-00C04F79EFBC}") = "Citadel.IPC.Common", "Citadel.IPC.Common\Citadel.IPC.Common.csproj", "{61A1BDF1-6A28-4383-ACA6-74510A1F0E76}"
EndProject
Project("{FAE04EC0-301F-11D3-BF4B-00C04F79EFBC}") = "CitadelService x86", "CitadelService\CitadelService x86.csproj", "{EE522E2C-F9FB-41D9-913F-2FEA9A374078}"
EndProject
Project("{FAE04EC0-301F-11D3-BF4B-00C04F79EFBC}") = "CitadelService x64", "CitadelService\CitadelService x64.csproj", "{620ADC88-B91D-4FDA-A791-8B92473E927A}"
EndProject
Project("{FAE04EC0-301F-11D3-BF4B-00C04F79EFBC}") = "InstallGuard", "InstallGuard\InstallGuard.csproj", "{58ECE8F6-84E8-4B49-A3C2-6F9CE57594FE}"
EndProject
Project("{FAE04EC0-301F-11D3-BF4B-00C04F79EFBC}") = "SignInstallers", "SignInstallers\SignInstallers.csproj", "{FD9BC219-8244-432A-AA15-8001C5E64D76}"
EndProject
Project("{FAE04EC0-301F-11D3-BF4B-00C04F79EFBC}") = "InstallerCustomActions", "InstallerCustomActions\InstallerCustomActions.csproj", "{2FD83D0E-949A-49A7-96A7-0D2CB278880A}"
EndProject
Project("{FAE04EC0-301F-11D3-BF4B-00C04F79EFBC}") = "FilterServiceTests", "FilterServiceTests\FilterServiceTests.csproj", "{359C129D-BE5B-4E93-94E1-D8E0D2B07C96}"
EndProject
Project("{FAE04EC0-301F-11D3-BF4B-00C04F79EFBC}") = "Citadel.Platform.Common", "Citadel.Platform.Common\Citadel.Platform.Common.csproj", "{327F267A-AE7E-4CEA-BF25-3A3EA0042823}"
EndProject
Project("{FAE04EC0-301F-11D3-BF4B-00C04F79EFBC}") = "FilterServiceProvider.Common", "FilterServiceProvider.Common\FilterServiceProvider.Common.csproj", "{43228214-DBD6-4373-BEF2-2E7320096D47}"
EndProject
Project("{FAE04EC0-301F-11D3-BF4B-00C04F79EFBC}") = "CitadelCore.Unix", "CitadelCore.Unix\CitadelCore.Unix.csproj", "{87C24EE1-E383-44F7-817A-AA51B9C440A9}"
EndProject
Project("{FAE04EC0-301F-11D3-BF4B-00C04F79EFBC}") = "FilterServiceProvider.Mac", "FilterServiceProvider.Mac\FilterServiceProvider.Mac.csproj", "{3A6F5387-2C73-4FF4-B3E2-73C086A0D9C5}"
EndProject
Project("{FAE04EC0-301F-11D3-BF4B-00C04F79EFBC}") = "CitadelCore", "CitadelCore\CitadelCore.csproj", "{9F944F30-FF50-4BE7-A4F9-F6F31D1C920E}"
EndProject
Project("{FAE04EC0-301F-11D3-BF4B-00C04F79EFBC}") = "StreamExtended", "StreamExtended\StreamExtended.csproj", "{DE7772F6-63E8-4E57-B6A8-E121F983FD06}"
EndProject
Global
	GlobalSection(SolutionConfigurationPlatforms) = preSolution
		CD_ROM|Any CPU = CD_ROM|Any CPU
		CD_ROM|x64 = CD_ROM|x64
		CD_ROM|x86 = CD_ROM|x86
		Custom|Any CPU = Custom|Any CPU
		Custom|x64 = Custom|x64
		Custom|x86 = Custom|x86
		Debug|Any CPU = Debug|Any CPU
		Debug|x64 = Debug|x64
		Debug|x86 = Debug|x86
		DVD-10|Any CPU = DVD-10|Any CPU
		DVD-10|x64 = DVD-10|x64
		DVD-10|x86 = DVD-10|x86
		DVD-18|Any CPU = DVD-18|Any CPU
		DVD-18|x64 = DVD-18|x64
		DVD-18|x86 = DVD-18|x86
		DVD-5|Any CPU = DVD-5|Any CPU
		DVD-5|x64 = DVD-5|x64
		DVD-5|x86 = DVD-5|x86
		DVD-9|Any CPU = DVD-9|Any CPU
		DVD-9|x64 = DVD-9|x64
		DVD-9|x86 = DVD-9|x86
		Release Signed|Any CPU = Release Signed|Any CPU
		Release Signed|x64 = Release Signed|x64
		Release Signed|x86 = Release Signed|x86
		Release|Any CPU = Release|Any CPU
		Release|x64 = Release|x64
		Release|x86 = Release|x86
		SingleImage|Any CPU = SingleImage|Any CPU
		SingleImage|x64 = SingleImage|x64
		SingleImage|x86 = SingleImage|x86
		WebDeployment|Any CPU = WebDeployment|Any CPU
		WebDeployment|x64 = WebDeployment|x64
		WebDeployment|x86 = WebDeployment|x86
	EndGlobalSection
	GlobalSection(ProjectConfigurationPlatforms) = postSolution
		{21FEED3B-6E82-4FED-874E-2EEC12C4B28C}.CD_ROM|Any CPU.ActiveCfg = Release|Any CPU
		{21FEED3B-6E82-4FED-874E-2EEC12C4B28C}.CD_ROM|Any CPU.Build.0 = Release|Any CPU
		{21FEED3B-6E82-4FED-874E-2EEC12C4B28C}.CD_ROM|x64.ActiveCfg = Debug|Any CPU
		{21FEED3B-6E82-4FED-874E-2EEC12C4B28C}.CD_ROM|x64.Build.0 = Debug|Any CPU
		{21FEED3B-6E82-4FED-874E-2EEC12C4B28C}.CD_ROM|x86.ActiveCfg = Release|x86
		{21FEED3B-6E82-4FED-874E-2EEC12C4B28C}.CD_ROM|x86.Build.0 = Release|x86
		{21FEED3B-6E82-4FED-874E-2EEC12C4B28C}.Custom|Any CPU.ActiveCfg = Release|Any CPU
		{21FEED3B-6E82-4FED-874E-2EEC12C4B28C}.Custom|Any CPU.Build.0 = Release|Any CPU
		{21FEED3B-6E82-4FED-874E-2EEC12C4B28C}.Custom|x64.ActiveCfg = Debug|Any CPU
		{21FEED3B-6E82-4FED-874E-2EEC12C4B28C}.Custom|x64.Build.0 = Debug|Any CPU
		{21FEED3B-6E82-4FED-874E-2EEC12C4B28C}.Custom|x86.ActiveCfg = Release|x86
		{21FEED3B-6E82-4FED-874E-2EEC12C4B28C}.Custom|x86.Build.0 = Release|x86
		{21FEED3B-6E82-4FED-874E-2EEC12C4B28C}.Debug|Any CPU.ActiveCfg = Debug|Any CPU
		{21FEED3B-6E82-4FED-874E-2EEC12C4B28C}.Debug|Any CPU.Build.0 = Debug|Any CPU
		{21FEED3B-6E82-4FED-874E-2EEC12C4B28C}.Debug|x64.ActiveCfg = Debug|Any CPU
		{21FEED3B-6E82-4FED-874E-2EEC12C4B28C}.Debug|x64.Build.0 = Debug|Any CPU
		{21FEED3B-6E82-4FED-874E-2EEC12C4B28C}.Debug|x86.ActiveCfg = Debug|Any CPU
		{21FEED3B-6E82-4FED-874E-2EEC12C4B28C}.Debug|x86.Build.0 = Debug|Any CPU
		{21FEED3B-6E82-4FED-874E-2EEC12C4B28C}.DVD-10|Any CPU.ActiveCfg = Debug|Any CPU
		{21FEED3B-6E82-4FED-874E-2EEC12C4B28C}.DVD-10|Any CPU.Build.0 = Debug|Any CPU
		{21FEED3B-6E82-4FED-874E-2EEC12C4B28C}.DVD-10|x64.ActiveCfg = Debug|Any CPU
		{21FEED3B-6E82-4FED-874E-2EEC12C4B28C}.DVD-10|x64.Build.0 = Debug|Any CPU
		{21FEED3B-6E82-4FED-874E-2EEC12C4B28C}.DVD-10|x86.ActiveCfg = Debug|x86
		{21FEED3B-6E82-4FED-874E-2EEC12C4B28C}.DVD-10|x86.Build.0 = Debug|x86
		{21FEED3B-6E82-4FED-874E-2EEC12C4B28C}.DVD-18|Any CPU.ActiveCfg = Debug|Any CPU
		{21FEED3B-6E82-4FED-874E-2EEC12C4B28C}.DVD-18|Any CPU.Build.0 = Debug|Any CPU
		{21FEED3B-6E82-4FED-874E-2EEC12C4B28C}.DVD-18|x64.ActiveCfg = Debug|Any CPU
		{21FEED3B-6E82-4FED-874E-2EEC12C4B28C}.DVD-18|x64.Build.0 = Debug|Any CPU
		{21FEED3B-6E82-4FED-874E-2EEC12C4B28C}.DVD-18|x86.ActiveCfg = Debug|x86
		{21FEED3B-6E82-4FED-874E-2EEC12C4B28C}.DVD-18|x86.Build.0 = Debug|x86
		{21FEED3B-6E82-4FED-874E-2EEC12C4B28C}.DVD-5|Any CPU.ActiveCfg = Debug|Any CPU
		{21FEED3B-6E82-4FED-874E-2EEC12C4B28C}.DVD-5|Any CPU.Build.0 = Debug|Any CPU
		{21FEED3B-6E82-4FED-874E-2EEC12C4B28C}.DVD-5|x64.ActiveCfg = Debug|Any CPU
		{21FEED3B-6E82-4FED-874E-2EEC12C4B28C}.DVD-5|x64.Build.0 = Debug|Any CPU
		{21FEED3B-6E82-4FED-874E-2EEC12C4B28C}.DVD-5|x86.ActiveCfg = Debug|x86
		{21FEED3B-6E82-4FED-874E-2EEC12C4B28C}.DVD-5|x86.Build.0 = Debug|x86
		{21FEED3B-6E82-4FED-874E-2EEC12C4B28C}.DVD-9|Any CPU.ActiveCfg = Debug|Any CPU
		{21FEED3B-6E82-4FED-874E-2EEC12C4B28C}.DVD-9|Any CPU.Build.0 = Debug|Any CPU
		{21FEED3B-6E82-4FED-874E-2EEC12C4B28C}.DVD-9|x64.ActiveCfg = Debug|Any CPU
		{21FEED3B-6E82-4FED-874E-2EEC12C4B28C}.DVD-9|x64.Build.0 = Debug|Any CPU
		{21FEED3B-6E82-4FED-874E-2EEC12C4B28C}.DVD-9|x86.ActiveCfg = Debug|x86
		{21FEED3B-6E82-4FED-874E-2EEC12C4B28C}.DVD-9|x86.Build.0 = Debug|x86
		{21FEED3B-6E82-4FED-874E-2EEC12C4B28C}.Release Signed|Any CPU.ActiveCfg = Release|Any CPU
		{21FEED3B-6E82-4FED-874E-2EEC12C4B28C}.Release Signed|Any CPU.Build.0 = Release|Any CPU
		{21FEED3B-6E82-4FED-874E-2EEC12C4B28C}.Release Signed|x64.ActiveCfg = Release|Any CPU
		{21FEED3B-6E82-4FED-874E-2EEC12C4B28C}.Release Signed|x64.Build.0 = Release|Any CPU
		{21FEED3B-6E82-4FED-874E-2EEC12C4B28C}.Release Signed|x86.ActiveCfg = Release|x86
		{21FEED3B-6E82-4FED-874E-2EEC12C4B28C}.Release Signed|x86.Build.0 = Release|x86
		{21FEED3B-6E82-4FED-874E-2EEC12C4B28C}.Release|Any CPU.ActiveCfg = Release|Any CPU
		{21FEED3B-6E82-4FED-874E-2EEC12C4B28C}.Release|Any CPU.Build.0 = Release|Any CPU
		{21FEED3B-6E82-4FED-874E-2EEC12C4B28C}.Release|x64.ActiveCfg = Release|Any CPU
		{21FEED3B-6E82-4FED-874E-2EEC12C4B28C}.Release|x64.Build.0 = Release|Any CPU
		{21FEED3B-6E82-4FED-874E-2EEC12C4B28C}.Release|x86.ActiveCfg = Release|Any CPU
		{21FEED3B-6E82-4FED-874E-2EEC12C4B28C}.Release|x86.Build.0 = Release|Any CPU
		{21FEED3B-6E82-4FED-874E-2EEC12C4B28C}.SingleImage|Any CPU.ActiveCfg = Release|Any CPU
		{21FEED3B-6E82-4FED-874E-2EEC12C4B28C}.SingleImage|Any CPU.Build.0 = Release|Any CPU
		{21FEED3B-6E82-4FED-874E-2EEC12C4B28C}.SingleImage|x64.ActiveCfg = Debug|Any CPU
		{21FEED3B-6E82-4FED-874E-2EEC12C4B28C}.SingleImage|x64.Build.0 = Debug|Any CPU
		{21FEED3B-6E82-4FED-874E-2EEC12C4B28C}.SingleImage|x86.ActiveCfg = Release|x86
		{21FEED3B-6E82-4FED-874E-2EEC12C4B28C}.SingleImage|x86.Build.0 = Release|x86
		{21FEED3B-6E82-4FED-874E-2EEC12C4B28C}.WebDeployment|Any CPU.ActiveCfg = Release|Any CPU
		{21FEED3B-6E82-4FED-874E-2EEC12C4B28C}.WebDeployment|Any CPU.Build.0 = Release|Any CPU
		{21FEED3B-6E82-4FED-874E-2EEC12C4B28C}.WebDeployment|x64.ActiveCfg = Debug|Any CPU
		{21FEED3B-6E82-4FED-874E-2EEC12C4B28C}.WebDeployment|x64.Build.0 = Debug|Any CPU
		{21FEED3B-6E82-4FED-874E-2EEC12C4B28C}.WebDeployment|x86.ActiveCfg = Release|x86
		{21FEED3B-6E82-4FED-874E-2EEC12C4B28C}.WebDeployment|x86.Build.0 = Release|x86
		{61A1BDF1-6A28-4383-ACA6-74510A1F0E76}.CD_ROM|Any CPU.ActiveCfg = Release|Any CPU
		{61A1BDF1-6A28-4383-ACA6-74510A1F0E76}.CD_ROM|Any CPU.Build.0 = Release|Any CPU
		{61A1BDF1-6A28-4383-ACA6-74510A1F0E76}.CD_ROM|x64.ActiveCfg = Debug|Any CPU
		{61A1BDF1-6A28-4383-ACA6-74510A1F0E76}.CD_ROM|x64.Build.0 = Debug|Any CPU
		{61A1BDF1-6A28-4383-ACA6-74510A1F0E76}.CD_ROM|x86.ActiveCfg = Release|x86
		{61A1BDF1-6A28-4383-ACA6-74510A1F0E76}.CD_ROM|x86.Build.0 = Release|x86
		{61A1BDF1-6A28-4383-ACA6-74510A1F0E76}.Custom|Any CPU.ActiveCfg = Release|Any CPU
		{61A1BDF1-6A28-4383-ACA6-74510A1F0E76}.Custom|Any CPU.Build.0 = Release|Any CPU
		{61A1BDF1-6A28-4383-ACA6-74510A1F0E76}.Custom|x64.ActiveCfg = Debug|Any CPU
		{61A1BDF1-6A28-4383-ACA6-74510A1F0E76}.Custom|x64.Build.0 = Debug|Any CPU
		{61A1BDF1-6A28-4383-ACA6-74510A1F0E76}.Custom|x86.ActiveCfg = Release|x86
		{61A1BDF1-6A28-4383-ACA6-74510A1F0E76}.Custom|x86.Build.0 = Release|x86
		{61A1BDF1-6A28-4383-ACA6-74510A1F0E76}.Debug|Any CPU.ActiveCfg = Debug|Any CPU
		{61A1BDF1-6A28-4383-ACA6-74510A1F0E76}.Debug|Any CPU.Build.0 = Debug|Any CPU
		{61A1BDF1-6A28-4383-ACA6-74510A1F0E76}.Debug|x64.ActiveCfg = Debug|Any CPU
		{61A1BDF1-6A28-4383-ACA6-74510A1F0E76}.Debug|x64.Build.0 = Debug|Any CPU
		{61A1BDF1-6A28-4383-ACA6-74510A1F0E76}.Debug|x86.ActiveCfg = Debug|Any CPU
		{61A1BDF1-6A28-4383-ACA6-74510A1F0E76}.Debug|x86.Build.0 = Debug|Any CPU
		{61A1BDF1-6A28-4383-ACA6-74510A1F0E76}.DVD-10|Any CPU.ActiveCfg = Debug|Any CPU
		{61A1BDF1-6A28-4383-ACA6-74510A1F0E76}.DVD-10|Any CPU.Build.0 = Debug|Any CPU
		{61A1BDF1-6A28-4383-ACA6-74510A1F0E76}.DVD-10|x64.ActiveCfg = Debug|Any CPU
		{61A1BDF1-6A28-4383-ACA6-74510A1F0E76}.DVD-10|x64.Build.0 = Debug|Any CPU
		{61A1BDF1-6A28-4383-ACA6-74510A1F0E76}.DVD-10|x86.ActiveCfg = Debug|x86
		{61A1BDF1-6A28-4383-ACA6-74510A1F0E76}.DVD-10|x86.Build.0 = Debug|x86
		{61A1BDF1-6A28-4383-ACA6-74510A1F0E76}.DVD-18|Any CPU.ActiveCfg = Debug|Any CPU
		{61A1BDF1-6A28-4383-ACA6-74510A1F0E76}.DVD-18|Any CPU.Build.0 = Debug|Any CPU
		{61A1BDF1-6A28-4383-ACA6-74510A1F0E76}.DVD-18|x64.ActiveCfg = Debug|Any CPU
		{61A1BDF1-6A28-4383-ACA6-74510A1F0E76}.DVD-18|x64.Build.0 = Debug|Any CPU
		{61A1BDF1-6A28-4383-ACA6-74510A1F0E76}.DVD-18|x86.ActiveCfg = Debug|x86
		{61A1BDF1-6A28-4383-ACA6-74510A1F0E76}.DVD-18|x86.Build.0 = Debug|x86
		{61A1BDF1-6A28-4383-ACA6-74510A1F0E76}.DVD-5|Any CPU.ActiveCfg = Debug|Any CPU
		{61A1BDF1-6A28-4383-ACA6-74510A1F0E76}.DVD-5|Any CPU.Build.0 = Debug|Any CPU
		{61A1BDF1-6A28-4383-ACA6-74510A1F0E76}.DVD-5|x64.ActiveCfg = Debug|Any CPU
		{61A1BDF1-6A28-4383-ACA6-74510A1F0E76}.DVD-5|x64.Build.0 = Debug|Any CPU
		{61A1BDF1-6A28-4383-ACA6-74510A1F0E76}.DVD-5|x86.ActiveCfg = Debug|x86
		{61A1BDF1-6A28-4383-ACA6-74510A1F0E76}.DVD-5|x86.Build.0 = Debug|x86
		{61A1BDF1-6A28-4383-ACA6-74510A1F0E76}.DVD-9|Any CPU.ActiveCfg = Debug|Any CPU
		{61A1BDF1-6A28-4383-ACA6-74510A1F0E76}.DVD-9|Any CPU.Build.0 = Debug|Any CPU
		{61A1BDF1-6A28-4383-ACA6-74510A1F0E76}.DVD-9|x64.ActiveCfg = Debug|Any CPU
		{61A1BDF1-6A28-4383-ACA6-74510A1F0E76}.DVD-9|x64.Build.0 = Debug|Any CPU
		{61A1BDF1-6A28-4383-ACA6-74510A1F0E76}.DVD-9|x86.ActiveCfg = Debug|x86
		{61A1BDF1-6A28-4383-ACA6-74510A1F0E76}.DVD-9|x86.Build.0 = Debug|x86
		{61A1BDF1-6A28-4383-ACA6-74510A1F0E76}.Release Signed|Any CPU.ActiveCfg = Release|Any CPU
		{61A1BDF1-6A28-4383-ACA6-74510A1F0E76}.Release Signed|Any CPU.Build.0 = Release|Any CPU
		{61A1BDF1-6A28-4383-ACA6-74510A1F0E76}.Release Signed|x64.ActiveCfg = Release|Any CPU
		{61A1BDF1-6A28-4383-ACA6-74510A1F0E76}.Release Signed|x64.Build.0 = Release|Any CPU
		{61A1BDF1-6A28-4383-ACA6-74510A1F0E76}.Release Signed|x86.ActiveCfg = Release|x86
		{61A1BDF1-6A28-4383-ACA6-74510A1F0E76}.Release Signed|x86.Build.0 = Release|x86
		{61A1BDF1-6A28-4383-ACA6-74510A1F0E76}.Release|Any CPU.ActiveCfg = Release|Any CPU
		{61A1BDF1-6A28-4383-ACA6-74510A1F0E76}.Release|Any CPU.Build.0 = Release|Any CPU
		{61A1BDF1-6A28-4383-ACA6-74510A1F0E76}.Release|x64.ActiveCfg = Release|Any CPU
		{61A1BDF1-6A28-4383-ACA6-74510A1F0E76}.Release|x64.Build.0 = Release|Any CPU
		{61A1BDF1-6A28-4383-ACA6-74510A1F0E76}.Release|x86.ActiveCfg = Release|Any CPU
		{61A1BDF1-6A28-4383-ACA6-74510A1F0E76}.Release|x86.Build.0 = Release|Any CPU
		{61A1BDF1-6A28-4383-ACA6-74510A1F0E76}.SingleImage|Any CPU.ActiveCfg = Release|Any CPU
		{61A1BDF1-6A28-4383-ACA6-74510A1F0E76}.SingleImage|Any CPU.Build.0 = Release|Any CPU
		{61A1BDF1-6A28-4383-ACA6-74510A1F0E76}.SingleImage|x64.ActiveCfg = Debug|Any CPU
		{61A1BDF1-6A28-4383-ACA6-74510A1F0E76}.SingleImage|x64.Build.0 = Debug|Any CPU
		{61A1BDF1-6A28-4383-ACA6-74510A1F0E76}.SingleImage|x86.ActiveCfg = Release|x86
		{61A1BDF1-6A28-4383-ACA6-74510A1F0E76}.SingleImage|x86.Build.0 = Release|x86
		{61A1BDF1-6A28-4383-ACA6-74510A1F0E76}.WebDeployment|Any CPU.ActiveCfg = Release|Any CPU
		{61A1BDF1-6A28-4383-ACA6-74510A1F0E76}.WebDeployment|Any CPU.Build.0 = Release|Any CPU
		{61A1BDF1-6A28-4383-ACA6-74510A1F0E76}.WebDeployment|x64.ActiveCfg = Debug|Any CPU
		{61A1BDF1-6A28-4383-ACA6-74510A1F0E76}.WebDeployment|x64.Build.0 = Debug|Any CPU
		{61A1BDF1-6A28-4383-ACA6-74510A1F0E76}.WebDeployment|x86.ActiveCfg = Release|x86
		{61A1BDF1-6A28-4383-ACA6-74510A1F0E76}.WebDeployment|x86.Build.0 = Release|x86
		{EE522E2C-F9FB-41D9-913F-2FEA9A374078}.CD_ROM|Any CPU.ActiveCfg = Release|Any CPU
		{EE522E2C-F9FB-41D9-913F-2FEA9A374078}.CD_ROM|Any CPU.Build.0 = Release|Any CPU
		{EE522E2C-F9FB-41D9-913F-2FEA9A374078}.CD_ROM|x64.ActiveCfg = Debug|Any CPU
		{EE522E2C-F9FB-41D9-913F-2FEA9A374078}.CD_ROM|x64.Build.0 = Debug|Any CPU
		{EE522E2C-F9FB-41D9-913F-2FEA9A374078}.CD_ROM|x86.ActiveCfg = Release|Any CPU
		{EE522E2C-F9FB-41D9-913F-2FEA9A374078}.CD_ROM|x86.Build.0 = Release|Any CPU
		{EE522E2C-F9FB-41D9-913F-2FEA9A374078}.Custom|Any CPU.ActiveCfg = Release|Any CPU
		{EE522E2C-F9FB-41D9-913F-2FEA9A374078}.Custom|Any CPU.Build.0 = Release|Any CPU
		{EE522E2C-F9FB-41D9-913F-2FEA9A374078}.Custom|x64.ActiveCfg = Debug|Any CPU
		{EE522E2C-F9FB-41D9-913F-2FEA9A374078}.Custom|x64.Build.0 = Debug|Any CPU
		{EE522E2C-F9FB-41D9-913F-2FEA9A374078}.Custom|x86.ActiveCfg = Release|Any CPU
		{EE522E2C-F9FB-41D9-913F-2FEA9A374078}.Custom|x86.Build.0 = Release|Any CPU
		{EE522E2C-F9FB-41D9-913F-2FEA9A374078}.Debug|Any CPU.ActiveCfg = Debug|Any CPU
		{EE522E2C-F9FB-41D9-913F-2FEA9A374078}.Debug|Any CPU.Build.0 = Debug|Any CPU
		{EE522E2C-F9FB-41D9-913F-2FEA9A374078}.Debug|x64.ActiveCfg = Debug|Any CPU
		{EE522E2C-F9FB-41D9-913F-2FEA9A374078}.Debug|x64.Build.0 = Debug|Any CPU
		{EE522E2C-F9FB-41D9-913F-2FEA9A374078}.Debug|x86.ActiveCfg = Debug|Any CPU
		{EE522E2C-F9FB-41D9-913F-2FEA9A374078}.Debug|x86.Build.0 = Debug|Any CPU
		{EE522E2C-F9FB-41D9-913F-2FEA9A374078}.DVD-10|Any CPU.ActiveCfg = Debug|Any CPU
		{EE522E2C-F9FB-41D9-913F-2FEA9A374078}.DVD-10|Any CPU.Build.0 = Debug|Any CPU
		{EE522E2C-F9FB-41D9-913F-2FEA9A374078}.DVD-10|x64.ActiveCfg = Debug|Any CPU
		{EE522E2C-F9FB-41D9-913F-2FEA9A374078}.DVD-10|x64.Build.0 = Debug|Any CPU
		{EE522E2C-F9FB-41D9-913F-2FEA9A374078}.DVD-10|x86.ActiveCfg = Debug|Any CPU
		{EE522E2C-F9FB-41D9-913F-2FEA9A374078}.DVD-10|x86.Build.0 = Debug|Any CPU
		{EE522E2C-F9FB-41D9-913F-2FEA9A374078}.DVD-18|Any CPU.ActiveCfg = Debug|Any CPU
		{EE522E2C-F9FB-41D9-913F-2FEA9A374078}.DVD-18|Any CPU.Build.0 = Debug|Any CPU
		{EE522E2C-F9FB-41D9-913F-2FEA9A374078}.DVD-18|x64.ActiveCfg = Debug|Any CPU
		{EE522E2C-F9FB-41D9-913F-2FEA9A374078}.DVD-18|x64.Build.0 = Debug|Any CPU
		{EE522E2C-F9FB-41D9-913F-2FEA9A374078}.DVD-18|x86.ActiveCfg = Debug|Any CPU
		{EE522E2C-F9FB-41D9-913F-2FEA9A374078}.DVD-18|x86.Build.0 = Debug|Any CPU
		{EE522E2C-F9FB-41D9-913F-2FEA9A374078}.DVD-5|Any CPU.ActiveCfg = Debug|Any CPU
		{EE522E2C-F9FB-41D9-913F-2FEA9A374078}.DVD-5|Any CPU.Build.0 = Debug|Any CPU
		{EE522E2C-F9FB-41D9-913F-2FEA9A374078}.DVD-5|x64.ActiveCfg = Debug|Any CPU
		{EE522E2C-F9FB-41D9-913F-2FEA9A374078}.DVD-5|x64.Build.0 = Debug|Any CPU
		{EE522E2C-F9FB-41D9-913F-2FEA9A374078}.DVD-5|x86.ActiveCfg = Debug|Any CPU
		{EE522E2C-F9FB-41D9-913F-2FEA9A374078}.DVD-5|x86.Build.0 = Debug|Any CPU
		{EE522E2C-F9FB-41D9-913F-2FEA9A374078}.DVD-9|Any CPU.ActiveCfg = Debug|Any CPU
		{EE522E2C-F9FB-41D9-913F-2FEA9A374078}.DVD-9|Any CPU.Build.0 = Debug|Any CPU
		{EE522E2C-F9FB-41D9-913F-2FEA9A374078}.DVD-9|x64.ActiveCfg = Debug|Any CPU
		{EE522E2C-F9FB-41D9-913F-2FEA9A374078}.DVD-9|x64.Build.0 = Debug|Any CPU
		{EE522E2C-F9FB-41D9-913F-2FEA9A374078}.DVD-9|x86.ActiveCfg = Debug|Any CPU
		{EE522E2C-F9FB-41D9-913F-2FEA9A374078}.DVD-9|x86.Build.0 = Debug|Any CPU
		{EE522E2C-F9FB-41D9-913F-2FEA9A374078}.Release Signed|Any CPU.ActiveCfg = Release|Any CPU
		{EE522E2C-F9FB-41D9-913F-2FEA9A374078}.Release Signed|Any CPU.Build.0 = Release|Any CPU
		{EE522E2C-F9FB-41D9-913F-2FEA9A374078}.Release Signed|x64.ActiveCfg = Release|Any CPU
		{EE522E2C-F9FB-41D9-913F-2FEA9A374078}.Release Signed|x64.Build.0 = Release|Any CPU
		{EE522E2C-F9FB-41D9-913F-2FEA9A374078}.Release Signed|x86.ActiveCfg = Release|Any CPU
		{EE522E2C-F9FB-41D9-913F-2FEA9A374078}.Release Signed|x86.Build.0 = Release|Any CPU
		{EE522E2C-F9FB-41D9-913F-2FEA9A374078}.Release|Any CPU.ActiveCfg = Release|Any CPU
		{EE522E2C-F9FB-41D9-913F-2FEA9A374078}.Release|Any CPU.Build.0 = Release|Any CPU
		{EE522E2C-F9FB-41D9-913F-2FEA9A374078}.Release|x64.ActiveCfg = Release|Any CPU
		{EE522E2C-F9FB-41D9-913F-2FEA9A374078}.Release|x64.Build.0 = Release|Any CPU
		{EE522E2C-F9FB-41D9-913F-2FEA9A374078}.Release|x86.ActiveCfg = Release|Any CPU
		{EE522E2C-F9FB-41D9-913F-2FEA9A374078}.Release|x86.Build.0 = Release|Any CPU
		{EE522E2C-F9FB-41D9-913F-2FEA9A374078}.SingleImage|Any CPU.ActiveCfg = Release|Any CPU
		{EE522E2C-F9FB-41D9-913F-2FEA9A374078}.SingleImage|Any CPU.Build.0 = Release|Any CPU
		{EE522E2C-F9FB-41D9-913F-2FEA9A374078}.SingleImage|x64.ActiveCfg = Debug|Any CPU
		{EE522E2C-F9FB-41D9-913F-2FEA9A374078}.SingleImage|x64.Build.0 = Debug|Any CPU
		{EE522E2C-F9FB-41D9-913F-2FEA9A374078}.SingleImage|x86.ActiveCfg = Release|Any CPU
		{EE522E2C-F9FB-41D9-913F-2FEA9A374078}.SingleImage|x86.Build.0 = Release|Any CPU
		{EE522E2C-F9FB-41D9-913F-2FEA9A374078}.WebDeployment|Any CPU.ActiveCfg = Release|Any CPU
		{EE522E2C-F9FB-41D9-913F-2FEA9A374078}.WebDeployment|Any CPU.Build.0 = Release|Any CPU
		{EE522E2C-F9FB-41D9-913F-2FEA9A374078}.WebDeployment|x64.ActiveCfg = Debug|Any CPU
		{EE522E2C-F9FB-41D9-913F-2FEA9A374078}.WebDeployment|x64.Build.0 = Debug|Any CPU
		{EE522E2C-F9FB-41D9-913F-2FEA9A374078}.WebDeployment|x86.ActiveCfg = Release|Any CPU
		{EE522E2C-F9FB-41D9-913F-2FEA9A374078}.WebDeployment|x86.Build.0 = Release|Any CPU
		{620ADC88-B91D-4FDA-A791-8B92473E927A}.CD_ROM|Any CPU.ActiveCfg = Release|Any CPU
		{620ADC88-B91D-4FDA-A791-8B92473E927A}.CD_ROM|Any CPU.Build.0 = Release|Any CPU
		{620ADC88-B91D-4FDA-A791-8B92473E927A}.CD_ROM|x64.ActiveCfg = Debug|Any CPU
		{620ADC88-B91D-4FDA-A791-8B92473E927A}.CD_ROM|x64.Build.0 = Debug|Any CPU
		{620ADC88-B91D-4FDA-A791-8B92473E927A}.CD_ROM|x86.ActiveCfg = Release|Any CPU
		{620ADC88-B91D-4FDA-A791-8B92473E927A}.CD_ROM|x86.Build.0 = Release|Any CPU
		{620ADC88-B91D-4FDA-A791-8B92473E927A}.Custom|Any CPU.ActiveCfg = Release|Any CPU
		{620ADC88-B91D-4FDA-A791-8B92473E927A}.Custom|Any CPU.Build.0 = Release|Any CPU
		{620ADC88-B91D-4FDA-A791-8B92473E927A}.Custom|x64.ActiveCfg = Debug|Any CPU
		{620ADC88-B91D-4FDA-A791-8B92473E927A}.Custom|x64.Build.0 = Debug|Any CPU
		{620ADC88-B91D-4FDA-A791-8B92473E927A}.Custom|x86.ActiveCfg = Release|Any CPU
		{620ADC88-B91D-4FDA-A791-8B92473E927A}.Custom|x86.Build.0 = Release|Any CPU
		{620ADC88-B91D-4FDA-A791-8B92473E927A}.Debug|Any CPU.ActiveCfg = Debug|Any CPU
		{620ADC88-B91D-4FDA-A791-8B92473E927A}.Debug|Any CPU.Build.0 = Debug|Any CPU
		{620ADC88-B91D-4FDA-A791-8B92473E927A}.Debug|x64.ActiveCfg = Debug|Any CPU
		{620ADC88-B91D-4FDA-A791-8B92473E927A}.Debug|x64.Build.0 = Debug|Any CPU
		{620ADC88-B91D-4FDA-A791-8B92473E927A}.Debug|x86.ActiveCfg = Debug|Any CPU
		{620ADC88-B91D-4FDA-A791-8B92473E927A}.Debug|x86.Build.0 = Debug|Any CPU
		{620ADC88-B91D-4FDA-A791-8B92473E927A}.DVD-10|Any CPU.ActiveCfg = Debug|Any CPU
		{620ADC88-B91D-4FDA-A791-8B92473E927A}.DVD-10|Any CPU.Build.0 = Debug|Any CPU
		{620ADC88-B91D-4FDA-A791-8B92473E927A}.DVD-10|x64.ActiveCfg = Debug|Any CPU
		{620ADC88-B91D-4FDA-A791-8B92473E927A}.DVD-10|x64.Build.0 = Debug|Any CPU
		{620ADC88-B91D-4FDA-A791-8B92473E927A}.DVD-10|x86.ActiveCfg = Debug|Any CPU
		{620ADC88-B91D-4FDA-A791-8B92473E927A}.DVD-10|x86.Build.0 = Debug|Any CPU
		{620ADC88-B91D-4FDA-A791-8B92473E927A}.DVD-18|Any CPU.ActiveCfg = Debug|Any CPU
		{620ADC88-B91D-4FDA-A791-8B92473E927A}.DVD-18|Any CPU.Build.0 = Debug|Any CPU
		{620ADC88-B91D-4FDA-A791-8B92473E927A}.DVD-18|x64.ActiveCfg = Debug|Any CPU
		{620ADC88-B91D-4FDA-A791-8B92473E927A}.DVD-18|x64.Build.0 = Debug|Any CPU
		{620ADC88-B91D-4FDA-A791-8B92473E927A}.DVD-18|x86.ActiveCfg = Debug|Any CPU
		{620ADC88-B91D-4FDA-A791-8B92473E927A}.DVD-18|x86.Build.0 = Debug|Any CPU
		{620ADC88-B91D-4FDA-A791-8B92473E927A}.DVD-5|Any CPU.ActiveCfg = Debug|Any CPU
		{620ADC88-B91D-4FDA-A791-8B92473E927A}.DVD-5|Any CPU.Build.0 = Debug|Any CPU
		{620ADC88-B91D-4FDA-A791-8B92473E927A}.DVD-5|x64.ActiveCfg = Debug|Any CPU
		{620ADC88-B91D-4FDA-A791-8B92473E927A}.DVD-5|x64.Build.0 = Debug|Any CPU
		{620ADC88-B91D-4FDA-A791-8B92473E927A}.DVD-5|x86.ActiveCfg = Debug|Any CPU
		{620ADC88-B91D-4FDA-A791-8B92473E927A}.DVD-5|x86.Build.0 = Debug|Any CPU
		{620ADC88-B91D-4FDA-A791-8B92473E927A}.DVD-9|Any CPU.ActiveCfg = Debug|Any CPU
		{620ADC88-B91D-4FDA-A791-8B92473E927A}.DVD-9|Any CPU.Build.0 = Debug|Any CPU
		{620ADC88-B91D-4FDA-A791-8B92473E927A}.DVD-9|x64.ActiveCfg = Debug|Any CPU
		{620ADC88-B91D-4FDA-A791-8B92473E927A}.DVD-9|x64.Build.0 = Debug|Any CPU
		{620ADC88-B91D-4FDA-A791-8B92473E927A}.DVD-9|x86.ActiveCfg = Debug|Any CPU
		{620ADC88-B91D-4FDA-A791-8B92473E927A}.DVD-9|x86.Build.0 = Debug|Any CPU
		{620ADC88-B91D-4FDA-A791-8B92473E927A}.Release Signed|Any CPU.ActiveCfg = Release|Any CPU
		{620ADC88-B91D-4FDA-A791-8B92473E927A}.Release Signed|Any CPU.Build.0 = Release|Any CPU
		{620ADC88-B91D-4FDA-A791-8B92473E927A}.Release Signed|x64.ActiveCfg = Release|Any CPU
		{620ADC88-B91D-4FDA-A791-8B92473E927A}.Release Signed|x64.Build.0 = Release|Any CPU
		{620ADC88-B91D-4FDA-A791-8B92473E927A}.Release Signed|x86.ActiveCfg = Release|Any CPU
		{620ADC88-B91D-4FDA-A791-8B92473E927A}.Release Signed|x86.Build.0 = Release|Any CPU
		{620ADC88-B91D-4FDA-A791-8B92473E927A}.Release|Any CPU.ActiveCfg = Release|Any CPU
		{620ADC88-B91D-4FDA-A791-8B92473E927A}.Release|Any CPU.Build.0 = Release|Any CPU
		{620ADC88-B91D-4FDA-A791-8B92473E927A}.Release|x64.ActiveCfg = Release|Any CPU
		{620ADC88-B91D-4FDA-A791-8B92473E927A}.Release|x64.Build.0 = Release|Any CPU
		{620ADC88-B91D-4FDA-A791-8B92473E927A}.Release|x86.ActiveCfg = Release|Any CPU
		{620ADC88-B91D-4FDA-A791-8B92473E927A}.Release|x86.Build.0 = Release|Any CPU
		{620ADC88-B91D-4FDA-A791-8B92473E927A}.SingleImage|Any CPU.ActiveCfg = Release|Any CPU
		{620ADC88-B91D-4FDA-A791-8B92473E927A}.SingleImage|Any CPU.Build.0 = Release|Any CPU
		{620ADC88-B91D-4FDA-A791-8B92473E927A}.SingleImage|x64.ActiveCfg = Debug|Any CPU
		{620ADC88-B91D-4FDA-A791-8B92473E927A}.SingleImage|x64.Build.0 = Debug|Any CPU
		{620ADC88-B91D-4FDA-A791-8B92473E927A}.SingleImage|x86.ActiveCfg = Release|Any CPU
		{620ADC88-B91D-4FDA-A791-8B92473E927A}.SingleImage|x86.Build.0 = Release|Any CPU
		{620ADC88-B91D-4FDA-A791-8B92473E927A}.WebDeployment|Any CPU.ActiveCfg = Release|Any CPU
		{620ADC88-B91D-4FDA-A791-8B92473E927A}.WebDeployment|Any CPU.Build.0 = Release|Any CPU
		{620ADC88-B91D-4FDA-A791-8B92473E927A}.WebDeployment|x64.ActiveCfg = Debug|Any CPU
		{620ADC88-B91D-4FDA-A791-8B92473E927A}.WebDeployment|x64.Build.0 = Debug|Any CPU
		{620ADC88-B91D-4FDA-A791-8B92473E927A}.WebDeployment|x86.ActiveCfg = Release|Any CPU
		{620ADC88-B91D-4FDA-A791-8B92473E927A}.WebDeployment|x86.Build.0 = Release|Any CPU
		{58ECE8F6-84E8-4B49-A3C2-6F9CE57594FE}.CD_ROM|Any CPU.ActiveCfg = Release|Any CPU
		{58ECE8F6-84E8-4B49-A3C2-6F9CE57594FE}.CD_ROM|Any CPU.Build.0 = Release|Any CPU
		{58ECE8F6-84E8-4B49-A3C2-6F9CE57594FE}.CD_ROM|x64.ActiveCfg = Debug|Any CPU
		{58ECE8F6-84E8-4B49-A3C2-6F9CE57594FE}.CD_ROM|x64.Build.0 = Debug|Any CPU
		{58ECE8F6-84E8-4B49-A3C2-6F9CE57594FE}.CD_ROM|x86.ActiveCfg = Release|Any CPU
		{58ECE8F6-84E8-4B49-A3C2-6F9CE57594FE}.CD_ROM|x86.Build.0 = Release|Any CPU
		{58ECE8F6-84E8-4B49-A3C2-6F9CE57594FE}.Custom|Any CPU.ActiveCfg = Release|Any CPU
		{58ECE8F6-84E8-4B49-A3C2-6F9CE57594FE}.Custom|Any CPU.Build.0 = Release|Any CPU
		{58ECE8F6-84E8-4B49-A3C2-6F9CE57594FE}.Custom|x64.ActiveCfg = Debug|Any CPU
		{58ECE8F6-84E8-4B49-A3C2-6F9CE57594FE}.Custom|x64.Build.0 = Debug|Any CPU
		{58ECE8F6-84E8-4B49-A3C2-6F9CE57594FE}.Custom|x86.ActiveCfg = Release|Any CPU
		{58ECE8F6-84E8-4B49-A3C2-6F9CE57594FE}.Custom|x86.Build.0 = Release|Any CPU
		{58ECE8F6-84E8-4B49-A3C2-6F9CE57594FE}.Debug|Any CPU.ActiveCfg = Debug|Any CPU
		{58ECE8F6-84E8-4B49-A3C2-6F9CE57594FE}.Debug|Any CPU.Build.0 = Debug|Any CPU
		{58ECE8F6-84E8-4B49-A3C2-6F9CE57594FE}.Debug|x64.ActiveCfg = Debug|Any CPU
		{58ECE8F6-84E8-4B49-A3C2-6F9CE57594FE}.Debug|x64.Build.0 = Debug|Any CPU
		{58ECE8F6-84E8-4B49-A3C2-6F9CE57594FE}.Debug|x86.ActiveCfg = Debug|Any CPU
		{58ECE8F6-84E8-4B49-A3C2-6F9CE57594FE}.Debug|x86.Build.0 = Debug|Any CPU
		{58ECE8F6-84E8-4B49-A3C2-6F9CE57594FE}.DVD-10|Any CPU.ActiveCfg = Debug|Any CPU
		{58ECE8F6-84E8-4B49-A3C2-6F9CE57594FE}.DVD-10|Any CPU.Build.0 = Debug|Any CPU
		{58ECE8F6-84E8-4B49-A3C2-6F9CE57594FE}.DVD-10|x64.ActiveCfg = Debug|Any CPU
		{58ECE8F6-84E8-4B49-A3C2-6F9CE57594FE}.DVD-10|x64.Build.0 = Debug|Any CPU
		{58ECE8F6-84E8-4B49-A3C2-6F9CE57594FE}.DVD-10|x86.ActiveCfg = Debug|Any CPU
		{58ECE8F6-84E8-4B49-A3C2-6F9CE57594FE}.DVD-10|x86.Build.0 = Debug|Any CPU
		{58ECE8F6-84E8-4B49-A3C2-6F9CE57594FE}.DVD-18|Any CPU.ActiveCfg = Debug|Any CPU
		{58ECE8F6-84E8-4B49-A3C2-6F9CE57594FE}.DVD-18|Any CPU.Build.0 = Debug|Any CPU
		{58ECE8F6-84E8-4B49-A3C2-6F9CE57594FE}.DVD-18|x64.ActiveCfg = Debug|Any CPU
		{58ECE8F6-84E8-4B49-A3C2-6F9CE57594FE}.DVD-18|x64.Build.0 = Debug|Any CPU
		{58ECE8F6-84E8-4B49-A3C2-6F9CE57594FE}.DVD-18|x86.ActiveCfg = Debug|Any CPU
		{58ECE8F6-84E8-4B49-A3C2-6F9CE57594FE}.DVD-18|x86.Build.0 = Debug|Any CPU
		{58ECE8F6-84E8-4B49-A3C2-6F9CE57594FE}.DVD-5|Any CPU.ActiveCfg = Debug|Any CPU
		{58ECE8F6-84E8-4B49-A3C2-6F9CE57594FE}.DVD-5|Any CPU.Build.0 = Debug|Any CPU
		{58ECE8F6-84E8-4B49-A3C2-6F9CE57594FE}.DVD-5|x64.ActiveCfg = Debug|Any CPU
		{58ECE8F6-84E8-4B49-A3C2-6F9CE57594FE}.DVD-5|x64.Build.0 = Debug|Any CPU
		{58ECE8F6-84E8-4B49-A3C2-6F9CE57594FE}.DVD-5|x86.ActiveCfg = Debug|Any CPU
		{58ECE8F6-84E8-4B49-A3C2-6F9CE57594FE}.DVD-5|x86.Build.0 = Debug|Any CPU
		{58ECE8F6-84E8-4B49-A3C2-6F9CE57594FE}.DVD-9|Any CPU.ActiveCfg = Debug|Any CPU
		{58ECE8F6-84E8-4B49-A3C2-6F9CE57594FE}.DVD-9|Any CPU.Build.0 = Debug|Any CPU
		{58ECE8F6-84E8-4B49-A3C2-6F9CE57594FE}.DVD-9|x64.ActiveCfg = Debug|Any CPU
		{58ECE8F6-84E8-4B49-A3C2-6F9CE57594FE}.DVD-9|x64.Build.0 = Debug|Any CPU
		{58ECE8F6-84E8-4B49-A3C2-6F9CE57594FE}.DVD-9|x86.ActiveCfg = Debug|Any CPU
		{58ECE8F6-84E8-4B49-A3C2-6F9CE57594FE}.DVD-9|x86.Build.0 = Debug|Any CPU
		{58ECE8F6-84E8-4B49-A3C2-6F9CE57594FE}.Release Signed|Any CPU.ActiveCfg = Release|Any CPU
		{58ECE8F6-84E8-4B49-A3C2-6F9CE57594FE}.Release Signed|Any CPU.Build.0 = Release|Any CPU
		{58ECE8F6-84E8-4B49-A3C2-6F9CE57594FE}.Release Signed|x64.ActiveCfg = Release|Any CPU
		{58ECE8F6-84E8-4B49-A3C2-6F9CE57594FE}.Release Signed|x64.Build.0 = Release|Any CPU
		{58ECE8F6-84E8-4B49-A3C2-6F9CE57594FE}.Release Signed|x86.ActiveCfg = Release|Any CPU
		{58ECE8F6-84E8-4B49-A3C2-6F9CE57594FE}.Release Signed|x86.Build.0 = Release|Any CPU
		{58ECE8F6-84E8-4B49-A3C2-6F9CE57594FE}.Release|Any CPU.ActiveCfg = Release|Any CPU
		{58ECE8F6-84E8-4B49-A3C2-6F9CE57594FE}.Release|x64.ActiveCfg = Release|Any CPU
		{58ECE8F6-84E8-4B49-A3C2-6F9CE57594FE}.Release|x64.Build.0 = Release|Any CPU
		{58ECE8F6-84E8-4B49-A3C2-6F9CE57594FE}.Release|x86.ActiveCfg = Release|Any CPU
		{58ECE8F6-84E8-4B49-A3C2-6F9CE57594FE}.Release|x86.Build.0 = Release|Any CPU
		{58ECE8F6-84E8-4B49-A3C2-6F9CE57594FE}.SingleImage|Any CPU.ActiveCfg = Debug|Any CPU
		{58ECE8F6-84E8-4B49-A3C2-6F9CE57594FE}.SingleImage|Any CPU.Build.0 = Debug|Any CPU
		{58ECE8F6-84E8-4B49-A3C2-6F9CE57594FE}.SingleImage|x64.ActiveCfg = Debug|Any CPU
		{58ECE8F6-84E8-4B49-A3C2-6F9CE57594FE}.SingleImage|x64.Build.0 = Debug|Any CPU
		{58ECE8F6-84E8-4B49-A3C2-6F9CE57594FE}.SingleImage|x86.ActiveCfg = Debug|Any CPU
		{58ECE8F6-84E8-4B49-A3C2-6F9CE57594FE}.SingleImage|x86.Build.0 = Debug|Any CPU
		{58ECE8F6-84E8-4B49-A3C2-6F9CE57594FE}.WebDeployment|Any CPU.ActiveCfg = Debug|Any CPU
		{58ECE8F6-84E8-4B49-A3C2-6F9CE57594FE}.WebDeployment|Any CPU.Build.0 = Debug|Any CPU
		{58ECE8F6-84E8-4B49-A3C2-6F9CE57594FE}.WebDeployment|x64.ActiveCfg = Debug|Any CPU
		{58ECE8F6-84E8-4B49-A3C2-6F9CE57594FE}.WebDeployment|x64.Build.0 = Debug|Any CPU
		{58ECE8F6-84E8-4B49-A3C2-6F9CE57594FE}.WebDeployment|x86.ActiveCfg = Debug|Any CPU
		{58ECE8F6-84E8-4B49-A3C2-6F9CE57594FE}.WebDeployment|x86.Build.0 = Debug|Any CPU
		{FD9BC219-8244-432A-AA15-8001C5E64D76}.CD_ROM|Any CPU.ActiveCfg = Debug|Any CPU
		{FD9BC219-8244-432A-AA15-8001C5E64D76}.CD_ROM|Any CPU.Build.0 = Debug|Any CPU
		{FD9BC219-8244-432A-AA15-8001C5E64D76}.CD_ROM|x64.ActiveCfg = Debug|Any CPU
		{FD9BC219-8244-432A-AA15-8001C5E64D76}.CD_ROM|x64.Build.0 = Debug|Any CPU
		{FD9BC219-8244-432A-AA15-8001C5E64D76}.CD_ROM|x86.ActiveCfg = Debug|Any CPU
		{FD9BC219-8244-432A-AA15-8001C5E64D76}.CD_ROM|x86.Build.0 = Debug|Any CPU
		{FD9BC219-8244-432A-AA15-8001C5E64D76}.Custom|Any CPU.ActiveCfg = Debug|Any CPU
		{FD9BC219-8244-432A-AA15-8001C5E64D76}.Custom|Any CPU.Build.0 = Debug|Any CPU
		{FD9BC219-8244-432A-AA15-8001C5E64D76}.Custom|x64.ActiveCfg = Debug|Any CPU
		{FD9BC219-8244-432A-AA15-8001C5E64D76}.Custom|x64.Build.0 = Debug|Any CPU
		{FD9BC219-8244-432A-AA15-8001C5E64D76}.Custom|x86.ActiveCfg = Debug|Any CPU
		{FD9BC219-8244-432A-AA15-8001C5E64D76}.Custom|x86.Build.0 = Debug|Any CPU
		{FD9BC219-8244-432A-AA15-8001C5E64D76}.Debug|Any CPU.ActiveCfg = Debug|Any CPU
		{FD9BC219-8244-432A-AA15-8001C5E64D76}.Debug|Any CPU.Build.0 = Debug|Any CPU
		{FD9BC219-8244-432A-AA15-8001C5E64D76}.Debug|x64.ActiveCfg = Debug|Any CPU
		{FD9BC219-8244-432A-AA15-8001C5E64D76}.Debug|x64.Build.0 = Debug|Any CPU
		{FD9BC219-8244-432A-AA15-8001C5E64D76}.Debug|x86.ActiveCfg = Debug|Any CPU
		{FD9BC219-8244-432A-AA15-8001C5E64D76}.Debug|x86.Build.0 = Debug|Any CPU
		{FD9BC219-8244-432A-AA15-8001C5E64D76}.DVD-10|Any CPU.ActiveCfg = Debug|Any CPU
		{FD9BC219-8244-432A-AA15-8001C5E64D76}.DVD-10|Any CPU.Build.0 = Debug|Any CPU
		{FD9BC219-8244-432A-AA15-8001C5E64D76}.DVD-10|x64.ActiveCfg = Debug|Any CPU
		{FD9BC219-8244-432A-AA15-8001C5E64D76}.DVD-10|x64.Build.0 = Debug|Any CPU
		{FD9BC219-8244-432A-AA15-8001C5E64D76}.DVD-10|x86.ActiveCfg = Debug|Any CPU
		{FD9BC219-8244-432A-AA15-8001C5E64D76}.DVD-10|x86.Build.0 = Debug|Any CPU
		{FD9BC219-8244-432A-AA15-8001C5E64D76}.DVD-18|Any CPU.ActiveCfg = Debug|Any CPU
		{FD9BC219-8244-432A-AA15-8001C5E64D76}.DVD-18|Any CPU.Build.0 = Debug|Any CPU
		{FD9BC219-8244-432A-AA15-8001C5E64D76}.DVD-18|x64.ActiveCfg = Debug|Any CPU
		{FD9BC219-8244-432A-AA15-8001C5E64D76}.DVD-18|x64.Build.0 = Debug|Any CPU
		{FD9BC219-8244-432A-AA15-8001C5E64D76}.DVD-18|x86.ActiveCfg = Debug|Any CPU
		{FD9BC219-8244-432A-AA15-8001C5E64D76}.DVD-18|x86.Build.0 = Debug|Any CPU
		{FD9BC219-8244-432A-AA15-8001C5E64D76}.DVD-5|Any CPU.ActiveCfg = Debug|Any CPU
		{FD9BC219-8244-432A-AA15-8001C5E64D76}.DVD-5|Any CPU.Build.0 = Debug|Any CPU
		{FD9BC219-8244-432A-AA15-8001C5E64D76}.DVD-5|x64.ActiveCfg = Debug|Any CPU
		{FD9BC219-8244-432A-AA15-8001C5E64D76}.DVD-5|x64.Build.0 = Debug|Any CPU
		{FD9BC219-8244-432A-AA15-8001C5E64D76}.DVD-5|x86.ActiveCfg = Debug|Any CPU
		{FD9BC219-8244-432A-AA15-8001C5E64D76}.DVD-5|x86.Build.0 = Debug|Any CPU
		{FD9BC219-8244-432A-AA15-8001C5E64D76}.DVD-9|Any CPU.ActiveCfg = Debug|Any CPU
		{FD9BC219-8244-432A-AA15-8001C5E64D76}.DVD-9|Any CPU.Build.0 = Debug|Any CPU
		{FD9BC219-8244-432A-AA15-8001C5E64D76}.DVD-9|x64.ActiveCfg = Debug|Any CPU
		{FD9BC219-8244-432A-AA15-8001C5E64D76}.DVD-9|x64.Build.0 = Debug|Any CPU
		{FD9BC219-8244-432A-AA15-8001C5E64D76}.DVD-9|x86.ActiveCfg = Debug|Any CPU
		{FD9BC219-8244-432A-AA15-8001C5E64D76}.DVD-9|x86.Build.0 = Debug|Any CPU
		{FD9BC219-8244-432A-AA15-8001C5E64D76}.Release Signed|Any CPU.ActiveCfg = Release|Any CPU
		{FD9BC219-8244-432A-AA15-8001C5E64D76}.Release Signed|Any CPU.Build.0 = Release|Any CPU
		{FD9BC219-8244-432A-AA15-8001C5E64D76}.Release Signed|x64.ActiveCfg = Release|Any CPU
		{FD9BC219-8244-432A-AA15-8001C5E64D76}.Release Signed|x64.Build.0 = Release|Any CPU
		{FD9BC219-8244-432A-AA15-8001C5E64D76}.Release Signed|x86.ActiveCfg = Release|Any CPU
		{FD9BC219-8244-432A-AA15-8001C5E64D76}.Release Signed|x86.Build.0 = Release|Any CPU
		{FD9BC219-8244-432A-AA15-8001C5E64D76}.Release|Any CPU.ActiveCfg = Release|Any CPU
		{FD9BC219-8244-432A-AA15-8001C5E64D76}.Release|Any CPU.Build.0 = Release|Any CPU
		{FD9BC219-8244-432A-AA15-8001C5E64D76}.Release|x64.ActiveCfg = Release|Any CPU
		{FD9BC219-8244-432A-AA15-8001C5E64D76}.Release|x64.Build.0 = Release|Any CPU
		{FD9BC219-8244-432A-AA15-8001C5E64D76}.Release|x86.ActiveCfg = Release|Any CPU
		{FD9BC219-8244-432A-AA15-8001C5E64D76}.Release|x86.Build.0 = Release|Any CPU
		{2FD83D0E-949A-49A7-96A7-0D2CB278880A}.Debug|Any CPU.ActiveCfg = Debug|x86
		{2FD83D0E-949A-49A7-96A7-0D2CB278880A}.Debug|x64.ActiveCfg = Debug|x86
		{2FD83D0E-949A-49A7-96A7-0D2CB278880A}.Debug|x86.ActiveCfg = Debug|x86
		{2FD83D0E-949A-49A7-96A7-0D2CB278880A}.Debug|x86.Build.0 = Debug|x86
		{2FD83D0E-949A-49A7-96A7-0D2CB278880A}.DVD-10|Any CPU.ActiveCfg = Debug|Any CPU
		{2FD83D0E-949A-49A7-96A7-0D2CB278880A}.DVD-10|Any CPU.Build.0 = Debug|Any CPU
		{2FD83D0E-949A-49A7-96A7-0D2CB278880A}.DVD-10|x64.ActiveCfg = Debug|x64
		{2FD83D0E-949A-49A7-96A7-0D2CB278880A}.DVD-10|x64.Build.0 = Debug|x64
		{2FD83D0E-949A-49A7-96A7-0D2CB278880A}.DVD-10|x86.ActiveCfg = Debug|x86
		{2FD83D0E-949A-49A7-96A7-0D2CB278880A}.DVD-10|x86.Build.0 = Debug|x86
		{2FD83D0E-949A-49A7-96A7-0D2CB278880A}.DVD-18|Any CPU.ActiveCfg = Debug|Any CPU
		{2FD83D0E-949A-49A7-96A7-0D2CB278880A}.DVD-18|Any CPU.Build.0 = Debug|Any CPU
		{2FD83D0E-949A-49A7-96A7-0D2CB278880A}.DVD-18|x64.ActiveCfg = Debug|x64
		{2FD83D0E-949A-49A7-96A7-0D2CB278880A}.DVD-18|x64.Build.0 = Debug|x64
		{2FD83D0E-949A-49A7-96A7-0D2CB278880A}.DVD-18|x86.ActiveCfg = Debug|x86
		{2FD83D0E-949A-49A7-96A7-0D2CB278880A}.DVD-18|x86.Build.0 = Debug|x86
		{2FD83D0E-949A-49A7-96A7-0D2CB278880A}.DVD-5|Any CPU.ActiveCfg = Debug|Any CPU
		{2FD83D0E-949A-49A7-96A7-0D2CB278880A}.DVD-5|Any CPU.Build.0 = Debug|Any CPU
		{2FD83D0E-949A-49A7-96A7-0D2CB278880A}.DVD-5|x64.ActiveCfg = Debug|x64
		{2FD83D0E-949A-49A7-96A7-0D2CB278880A}.DVD-5|x64.Build.0 = Debug|x64
		{2FD83D0E-949A-49A7-96A7-0D2CB278880A}.DVD-5|x86.ActiveCfg = Debug|x86
		{2FD83D0E-949A-49A7-96A7-0D2CB278880A}.DVD-5|x86.Build.0 = Debug|x86
		{2FD83D0E-949A-49A7-96A7-0D2CB278880A}.DVD-9|Any CPU.ActiveCfg = Debug|Any CPU
		{2FD83D0E-949A-49A7-96A7-0D2CB278880A}.DVD-9|Any CPU.Build.0 = Debug|Any CPU
		{2FD83D0E-949A-49A7-96A7-0D2CB278880A}.DVD-9|x64.ActiveCfg = Debug|x64
		{2FD83D0E-949A-49A7-96A7-0D2CB278880A}.DVD-9|x64.Build.0 = Debug|x64
		{2FD83D0E-949A-49A7-96A7-0D2CB278880A}.DVD-9|x86.ActiveCfg = Debug|x86
		{2FD83D0E-949A-49A7-96A7-0D2CB278880A}.DVD-9|x86.Build.0 = Debug|x86
		{2FD83D0E-949A-49A7-96A7-0D2CB278880A}.Release Signed|Any CPU.ActiveCfg = Release|x86
		{2FD83D0E-949A-49A7-96A7-0D2CB278880A}.Release Signed|Any CPU.Build.0 = Release|x86
		{2FD83D0E-949A-49A7-96A7-0D2CB278880A}.Release Signed|x64.ActiveCfg = Release|x86
		{2FD83D0E-949A-49A7-96A7-0D2CB278880A}.Release Signed|x64.Build.0 = Release|x86
		{2FD83D0E-949A-49A7-96A7-0D2CB278880A}.Release Signed|x86.ActiveCfg = Release|x86
		{2FD83D0E-949A-49A7-96A7-0D2CB278880A}.Release Signed|x86.Build.0 = Release|x86
		{2FD83D0E-949A-49A7-96A7-0D2CB278880A}.Release|Any CPU.ActiveCfg = Release|x64
		{2FD83D0E-949A-49A7-96A7-0D2CB278880A}.Release|Any CPU.Build.0 = Release|x64
		{2FD83D0E-949A-49A7-96A7-0D2CB278880A}.Release|x64.ActiveCfg = Release|x64
		{2FD83D0E-949A-49A7-96A7-0D2CB278880A}.Release|x64.Build.0 = Release|x64
		{2FD83D0E-949A-49A7-96A7-0D2CB278880A}.Release|x86.ActiveCfg = Release|x86
		{2FD83D0E-949A-49A7-96A7-0D2CB278880A}.Release|x86.Build.0 = Release|x86
		{359C129D-BE5B-4E93-94E1-D8E0D2B07C96}.Debug|Any CPU.ActiveCfg = Debug|Any CPU
		{359C129D-BE5B-4E93-94E1-D8E0D2B07C96}.Debug|Any CPU.Build.0 = Debug|Any CPU
		{359C129D-BE5B-4E93-94E1-D8E0D2B07C96}.Debug|x64.ActiveCfg = Debug|Any CPU
		{359C129D-BE5B-4E93-94E1-D8E0D2B07C96}.Debug|x64.Build.0 = Debug|Any CPU
		{359C129D-BE5B-4E93-94E1-D8E0D2B07C96}.Debug|x86.ActiveCfg = Debug|Any CPU
		{359C129D-BE5B-4E93-94E1-D8E0D2B07C96}.Debug|x86.Build.0 = Debug|Any CPU
		{359C129D-BE5B-4E93-94E1-D8E0D2B07C96}.DVD-10|Any CPU.ActiveCfg = Debug|Any CPU
		{359C129D-BE5B-4E93-94E1-D8E0D2B07C96}.DVD-10|Any CPU.Build.0 = Debug|Any CPU
		{359C129D-BE5B-4E93-94E1-D8E0D2B07C96}.DVD-10|x64.ActiveCfg = Debug|Any CPU
		{359C129D-BE5B-4E93-94E1-D8E0D2B07C96}.DVD-10|x64.Build.0 = Debug|Any CPU
		{359C129D-BE5B-4E93-94E1-D8E0D2B07C96}.DVD-10|x86.ActiveCfg = Debug|Any CPU
		{359C129D-BE5B-4E93-94E1-D8E0D2B07C96}.DVD-10|x86.Build.0 = Debug|Any CPU
		{359C129D-BE5B-4E93-94E1-D8E0D2B07C96}.DVD-18|Any CPU.ActiveCfg = Debug|Any CPU
		{359C129D-BE5B-4E93-94E1-D8E0D2B07C96}.DVD-18|Any CPU.Build.0 = Debug|Any CPU
		{359C129D-BE5B-4E93-94E1-D8E0D2B07C96}.DVD-18|x64.ActiveCfg = Debug|Any CPU
		{359C129D-BE5B-4E93-94E1-D8E0D2B07C96}.DVD-18|x64.Build.0 = Debug|Any CPU
		{359C129D-BE5B-4E93-94E1-D8E0D2B07C96}.DVD-18|x86.ActiveCfg = Debug|Any CPU
		{359C129D-BE5B-4E93-94E1-D8E0D2B07C96}.DVD-18|x86.Build.0 = Debug|Any CPU
		{359C129D-BE5B-4E93-94E1-D8E0D2B07C96}.DVD-5|Any CPU.ActiveCfg = Debug|Any CPU
		{359C129D-BE5B-4E93-94E1-D8E0D2B07C96}.DVD-5|Any CPU.Build.0 = Debug|Any CPU
		{359C129D-BE5B-4E93-94E1-D8E0D2B07C96}.DVD-5|x64.ActiveCfg = Debug|Any CPU
		{359C129D-BE5B-4E93-94E1-D8E0D2B07C96}.DVD-5|x64.Build.0 = Debug|Any CPU
		{359C129D-BE5B-4E93-94E1-D8E0D2B07C96}.DVD-5|x86.ActiveCfg = Debug|Any CPU
		{359C129D-BE5B-4E93-94E1-D8E0D2B07C96}.DVD-5|x86.Build.0 = Debug|Any CPU
		{359C129D-BE5B-4E93-94E1-D8E0D2B07C96}.DVD-9|Any CPU.ActiveCfg = Debug|Any CPU
		{359C129D-BE5B-4E93-94E1-D8E0D2B07C96}.DVD-9|Any CPU.Build.0 = Debug|Any CPU
		{359C129D-BE5B-4E93-94E1-D8E0D2B07C96}.DVD-9|x64.ActiveCfg = Debug|Any CPU
		{359C129D-BE5B-4E93-94E1-D8E0D2B07C96}.DVD-9|x64.Build.0 = Debug|Any CPU
		{359C129D-BE5B-4E93-94E1-D8E0D2B07C96}.DVD-9|x86.ActiveCfg = Debug|Any CPU
		{359C129D-BE5B-4E93-94E1-D8E0D2B07C96}.DVD-9|x86.Build.0 = Debug|Any CPU
		{359C129D-BE5B-4E93-94E1-D8E0D2B07C96}.Release Signed|Any CPU.ActiveCfg = Release|Any CPU
		{359C129D-BE5B-4E93-94E1-D8E0D2B07C96}.Release Signed|Any CPU.Build.0 = Release|Any CPU
		{359C129D-BE5B-4E93-94E1-D8E0D2B07C96}.Release Signed|x64.ActiveCfg = Release|Any CPU
		{359C129D-BE5B-4E93-94E1-D8E0D2B07C96}.Release Signed|x64.Build.0 = Release|Any CPU
		{359C129D-BE5B-4E93-94E1-D8E0D2B07C96}.Release Signed|x86.ActiveCfg = Release|Any CPU
		{359C129D-BE5B-4E93-94E1-D8E0D2B07C96}.Release Signed|x86.Build.0 = Release|Any CPU
		{359C129D-BE5B-4E93-94E1-D8E0D2B07C96}.Release|Any CPU.ActiveCfg = Release|Any CPU
		{359C129D-BE5B-4E93-94E1-D8E0D2B07C96}.Release|Any CPU.Build.0 = Release|Any CPU
		{359C129D-BE5B-4E93-94E1-D8E0D2B07C96}.Release|x64.ActiveCfg = Release|Any CPU
		{359C129D-BE5B-4E93-94E1-D8E0D2B07C96}.Release|x64.Build.0 = Release|Any CPU
		{359C129D-BE5B-4E93-94E1-D8E0D2B07C96}.Release|x86.ActiveCfg = Release|Any CPU
		{359C129D-BE5B-4E93-94E1-D8E0D2B07C96}.Release|x86.Build.0 = Release|Any CPU
		{327F267A-AE7E-4CEA-BF25-3A3EA0042823}.Debug|Any CPU.ActiveCfg = Debug|Any CPU
		{327F267A-AE7E-4CEA-BF25-3A3EA0042823}.Debug|Any CPU.Build.0 = Debug|Any CPU
		{43228214-DBD6-4373-BEF2-2E7320096D47}.CD_ROM|Any CPU.ActiveCfg = Release|Any CPU
		{43228214-DBD6-4373-BEF2-2E7320096D47}.CD_ROM|Any CPU.Build.0 = Release|Any CPU
		{43228214-DBD6-4373-BEF2-2E7320096D47}.CD_ROM|x64.ActiveCfg = Debug|Any CPU
		{43228214-DBD6-4373-BEF2-2E7320096D47}.CD_ROM|x64.Build.0 = Debug|Any CPU
		{43228214-DBD6-4373-BEF2-2E7320096D47}.CD_ROM|x86.ActiveCfg = Release|Any CPU
		{43228214-DBD6-4373-BEF2-2E7320096D47}.CD_ROM|x86.Build.0 = Release|Any CPU
		{43228214-DBD6-4373-BEF2-2E7320096D47}.Custom|Any CPU.ActiveCfg = Release|Any CPU
		{43228214-DBD6-4373-BEF2-2E7320096D47}.Custom|Any CPU.Build.0 = Release|Any CPU
		{43228214-DBD6-4373-BEF2-2E7320096D47}.Custom|x64.ActiveCfg = Debug|Any CPU
		{43228214-DBD6-4373-BEF2-2E7320096D47}.Custom|x64.Build.0 = Debug|Any CPU
		{43228214-DBD6-4373-BEF2-2E7320096D47}.Custom|x86.ActiveCfg = Release|Any CPU
		{43228214-DBD6-4373-BEF2-2E7320096D47}.Custom|x86.Build.0 = Release|Any CPU
		{43228214-DBD6-4373-BEF2-2E7320096D47}.Debug|Any CPU.ActiveCfg = Debug|Any CPU
		{43228214-DBD6-4373-BEF2-2E7320096D47}.Debug|Any CPU.Build.0 = Debug|Any CPU
		{43228214-DBD6-4373-BEF2-2E7320096D47}.Debug|x64.ActiveCfg = Debug|Any CPU
		{43228214-DBD6-4373-BEF2-2E7320096D47}.Debug|x64.Build.0 = Debug|Any CPU
		{43228214-DBD6-4373-BEF2-2E7320096D47}.Debug|x86.ActiveCfg = Debug|Any CPU
		{43228214-DBD6-4373-BEF2-2E7320096D47}.Debug|x86.Build.0 = Debug|Any CPU
		{43228214-DBD6-4373-BEF2-2E7320096D47}.DVD-10|Any CPU.ActiveCfg = Debug|Any CPU
		{43228214-DBD6-4373-BEF2-2E7320096D47}.DVD-10|Any CPU.Build.0 = Debug|Any CPU
		{43228214-DBD6-4373-BEF2-2E7320096D47}.DVD-10|x64.ActiveCfg = Debug|Any CPU
		{43228214-DBD6-4373-BEF2-2E7320096D47}.DVD-10|x64.Build.0 = Debug|Any CPU
		{43228214-DBD6-4373-BEF2-2E7320096D47}.DVD-10|x86.ActiveCfg = Debug|Any CPU
		{43228214-DBD6-4373-BEF2-2E7320096D47}.DVD-10|x86.Build.0 = Debug|Any CPU
		{43228214-DBD6-4373-BEF2-2E7320096D47}.DVD-18|Any CPU.ActiveCfg = Debug|Any CPU
		{43228214-DBD6-4373-BEF2-2E7320096D47}.DVD-18|Any CPU.Build.0 = Debug|Any CPU
		{43228214-DBD6-4373-BEF2-2E7320096D47}.DVD-18|x64.ActiveCfg = Debug|Any CPU
		{43228214-DBD6-4373-BEF2-2E7320096D47}.DVD-18|x64.Build.0 = Debug|Any CPU
		{43228214-DBD6-4373-BEF2-2E7320096D47}.DVD-18|x86.ActiveCfg = Debug|Any CPU
		{43228214-DBD6-4373-BEF2-2E7320096D47}.DVD-18|x86.Build.0 = Debug|Any CPU
		{43228214-DBD6-4373-BEF2-2E7320096D47}.DVD-5|Any CPU.ActiveCfg = Debug|Any CPU
		{43228214-DBD6-4373-BEF2-2E7320096D47}.DVD-5|Any CPU.Build.0 = Debug|Any CPU
		{43228214-DBD6-4373-BEF2-2E7320096D47}.DVD-5|x64.ActiveCfg = Debug|Any CPU
		{43228214-DBD6-4373-BEF2-2E7320096D47}.DVD-5|x64.Build.0 = Debug|Any CPU
		{43228214-DBD6-4373-BEF2-2E7320096D47}.DVD-5|x86.ActiveCfg = Debug|Any CPU
		{43228214-DBD6-4373-BEF2-2E7320096D47}.DVD-5|x86.Build.0 = Debug|Any CPU
		{43228214-DBD6-4373-BEF2-2E7320096D47}.DVD-9|Any CPU.ActiveCfg = Debug|Any CPU
		{43228214-DBD6-4373-BEF2-2E7320096D47}.DVD-9|Any CPU.Build.0 = Debug|Any CPU
		{43228214-DBD6-4373-BEF2-2E7320096D47}.DVD-9|x64.ActiveCfg = Debug|Any CPU
		{43228214-DBD6-4373-BEF2-2E7320096D47}.DVD-9|x64.Build.0 = Debug|Any CPU
		{43228214-DBD6-4373-BEF2-2E7320096D47}.DVD-9|x86.ActiveCfg = Debug|Any CPU
		{43228214-DBD6-4373-BEF2-2E7320096D47}.DVD-9|x86.Build.0 = Debug|Any CPU
		{43228214-DBD6-4373-BEF2-2E7320096D47}.Release Signed|Any CPU.ActiveCfg = Release|Any CPU
		{43228214-DBD6-4373-BEF2-2E7320096D47}.Release Signed|Any CPU.Build.0 = Release|Any CPU
		{43228214-DBD6-4373-BEF2-2E7320096D47}.Release Signed|x64.ActiveCfg = Release|Any CPU
		{43228214-DBD6-4373-BEF2-2E7320096D47}.Release Signed|x64.Build.0 = Release|Any CPU
		{43228214-DBD6-4373-BEF2-2E7320096D47}.Release Signed|x86.ActiveCfg = Release|Any CPU
		{43228214-DBD6-4373-BEF2-2E7320096D47}.Release Signed|x86.Build.0 = Release|Any CPU
		{43228214-DBD6-4373-BEF2-2E7320096D47}.Release|Any CPU.ActiveCfg = Release|Any CPU
		{43228214-DBD6-4373-BEF2-2E7320096D47}.Release|Any CPU.Build.0 = Release|Any CPU
		{43228214-DBD6-4373-BEF2-2E7320096D47}.Release|x64.ActiveCfg = Release|Any CPU
		{43228214-DBD6-4373-BEF2-2E7320096D47}.Release|x64.Build.0 = Release|Any CPU
		{43228214-DBD6-4373-BEF2-2E7320096D47}.Release|x86.ActiveCfg = Release|Any CPU
		{43228214-DBD6-4373-BEF2-2E7320096D47}.Release|x86.Build.0 = Release|Any CPU
		{43228214-DBD6-4373-BEF2-2E7320096D47}.SingleImage|Any CPU.ActiveCfg = Release|Any CPU
		{43228214-DBD6-4373-BEF2-2E7320096D47}.SingleImage|Any CPU.Build.0 = Release|Any CPU
		{43228214-DBD6-4373-BEF2-2E7320096D47}.SingleImage|x64.ActiveCfg = Debug|Any CPU
		{43228214-DBD6-4373-BEF2-2E7320096D47}.SingleImage|x64.Build.0 = Debug|Any CPU
		{43228214-DBD6-4373-BEF2-2E7320096D47}.SingleImage|x86.ActiveCfg = Release|Any CPU
		{43228214-DBD6-4373-BEF2-2E7320096D47}.SingleImage|x86.Build.0 = Release|Any CPU
		{43228214-DBD6-4373-BEF2-2E7320096D47}.WebDeployment|Any CPU.ActiveCfg = Release|Any CPU
		{43228214-DBD6-4373-BEF2-2E7320096D47}.WebDeployment|Any CPU.Build.0 = Release|Any CPU
		{43228214-DBD6-4373-BEF2-2E7320096D47}.WebDeployment|x64.ActiveCfg = Debug|Any CPU
		{43228214-DBD6-4373-BEF2-2E7320096D47}.WebDeployment|x64.Build.0 = Debug|Any CPU
		{43228214-DBD6-4373-BEF2-2E7320096D47}.WebDeployment|x86.ActiveCfg = Release|Any CPU
		{43228214-DBD6-4373-BEF2-2E7320096D47}.WebDeployment|x86.Build.0 = Release|Any CPU
		{87C24EE1-E383-44F7-817A-AA51B9C440A9}.CD_ROM|Any CPU.ActiveCfg = Release|Any CPU
		{87C24EE1-E383-44F7-817A-AA51B9C440A9}.CD_ROM|Any CPU.Build.0 = Release|Any CPU
		{87C24EE1-E383-44F7-817A-AA51B9C440A9}.CD_ROM|x64.ActiveCfg = Debug|Any CPU
		{87C24EE1-E383-44F7-817A-AA51B9C440A9}.CD_ROM|x64.Build.0 = Debug|Any CPU
		{87C24EE1-E383-44F7-817A-AA51B9C440A9}.CD_ROM|x86.ActiveCfg = Release|Any CPU
		{87C24EE1-E383-44F7-817A-AA51B9C440A9}.CD_ROM|x86.Build.0 = Release|Any CPU
		{87C24EE1-E383-44F7-817A-AA51B9C440A9}.Custom|Any CPU.ActiveCfg = Release|Any CPU
		{87C24EE1-E383-44F7-817A-AA51B9C440A9}.Custom|Any CPU.Build.0 = Release|Any CPU
		{87C24EE1-E383-44F7-817A-AA51B9C440A9}.Custom|x64.ActiveCfg = Debug|Any CPU
		{87C24EE1-E383-44F7-817A-AA51B9C440A9}.Custom|x64.Build.0 = Debug|Any CPU
		{87C24EE1-E383-44F7-817A-AA51B9C440A9}.Custom|x86.ActiveCfg = Release|Any CPU
		{87C24EE1-E383-44F7-817A-AA51B9C440A9}.Custom|x86.Build.0 = Release|Any CPU
		{87C24EE1-E383-44F7-817A-AA51B9C440A9}.Debug|Any CPU.ActiveCfg = Debug|Any CPU
		{87C24EE1-E383-44F7-817A-AA51B9C440A9}.Debug|Any CPU.Build.0 = Debug|Any CPU
		{87C24EE1-E383-44F7-817A-AA51B9C440A9}.Debug|x64.ActiveCfg = Debug|Any CPU
		{87C24EE1-E383-44F7-817A-AA51B9C440A9}.Debug|x64.Build.0 = Debug|Any CPU
		{87C24EE1-E383-44F7-817A-AA51B9C440A9}.Debug|x86.ActiveCfg = Debug|Any CPU
		{87C24EE1-E383-44F7-817A-AA51B9C440A9}.Debug|x86.Build.0 = Debug|Any CPU
		{87C24EE1-E383-44F7-817A-AA51B9C440A9}.DVD-10|Any CPU.ActiveCfg = Debug|Any CPU
		{87C24EE1-E383-44F7-817A-AA51B9C440A9}.DVD-10|Any CPU.Build.0 = Debug|Any CPU
		{87C24EE1-E383-44F7-817A-AA51B9C440A9}.DVD-10|x64.ActiveCfg = Debug|Any CPU
		{87C24EE1-E383-44F7-817A-AA51B9C440A9}.DVD-10|x64.Build.0 = Debug|Any CPU
		{87C24EE1-E383-44F7-817A-AA51B9C440A9}.DVD-10|x86.ActiveCfg = Debug|Any CPU
		{87C24EE1-E383-44F7-817A-AA51B9C440A9}.DVD-10|x86.Build.0 = Debug|Any CPU
		{87C24EE1-E383-44F7-817A-AA51B9C440A9}.DVD-18|Any CPU.ActiveCfg = Debug|Any CPU
		{87C24EE1-E383-44F7-817A-AA51B9C440A9}.DVD-18|Any CPU.Build.0 = Debug|Any CPU
		{87C24EE1-E383-44F7-817A-AA51B9C440A9}.DVD-18|x64.ActiveCfg = Debug|Any CPU
		{87C24EE1-E383-44F7-817A-AA51B9C440A9}.DVD-18|x64.Build.0 = Debug|Any CPU
		{87C24EE1-E383-44F7-817A-AA51B9C440A9}.DVD-18|x86.ActiveCfg = Debug|Any CPU
		{87C24EE1-E383-44F7-817A-AA51B9C440A9}.DVD-18|x86.Build.0 = Debug|Any CPU
		{87C24EE1-E383-44F7-817A-AA51B9C440A9}.DVD-5|Any CPU.ActiveCfg = Debug|Any CPU
		{87C24EE1-E383-44F7-817A-AA51B9C440A9}.DVD-5|Any CPU.Build.0 = Debug|Any CPU
		{87C24EE1-E383-44F7-817A-AA51B9C440A9}.DVD-5|x64.ActiveCfg = Debug|Any CPU
		{87C24EE1-E383-44F7-817A-AA51B9C440A9}.DVD-5|x64.Build.0 = Debug|Any CPU
		{87C24EE1-E383-44F7-817A-AA51B9C440A9}.DVD-5|x86.ActiveCfg = Debug|Any CPU
		{87C24EE1-E383-44F7-817A-AA51B9C440A9}.DVD-5|x86.Build.0 = Debug|Any CPU
		{87C24EE1-E383-44F7-817A-AA51B9C440A9}.DVD-9|Any CPU.ActiveCfg = Debug|Any CPU
		{87C24EE1-E383-44F7-817A-AA51B9C440A9}.DVD-9|Any CPU.Build.0 = Debug|Any CPU
		{87C24EE1-E383-44F7-817A-AA51B9C440A9}.DVD-9|x64.ActiveCfg = Debug|Any CPU
		{87C24EE1-E383-44F7-817A-AA51B9C440A9}.DVD-9|x64.Build.0 = Debug|Any CPU
		{87C24EE1-E383-44F7-817A-AA51B9C440A9}.DVD-9|x86.ActiveCfg = Debug|Any CPU
		{87C24EE1-E383-44F7-817A-AA51B9C440A9}.DVD-9|x86.Build.0 = Debug|Any CPU
		{87C24EE1-E383-44F7-817A-AA51B9C440A9}.Release Signed|Any CPU.ActiveCfg = Release|Any CPU
		{87C24EE1-E383-44F7-817A-AA51B9C440A9}.Release Signed|Any CPU.Build.0 = Release|Any CPU
		{87C24EE1-E383-44F7-817A-AA51B9C440A9}.Release Signed|x64.ActiveCfg = Release|Any CPU
		{87C24EE1-E383-44F7-817A-AA51B9C440A9}.Release Signed|x64.Build.0 = Release|Any CPU
		{87C24EE1-E383-44F7-817A-AA51B9C440A9}.Release Signed|x86.ActiveCfg = Release|Any CPU
		{87C24EE1-E383-44F7-817A-AA51B9C440A9}.Release Signed|x86.Build.0 = Release|Any CPU
		{87C24EE1-E383-44F7-817A-AA51B9C440A9}.Release|Any CPU.ActiveCfg = Release|Any CPU
		{87C24EE1-E383-44F7-817A-AA51B9C440A9}.Release|Any CPU.Build.0 = Release|Any CPU
		{87C24EE1-E383-44F7-817A-AA51B9C440A9}.Release|x64.ActiveCfg = Release|Any CPU
		{87C24EE1-E383-44F7-817A-AA51B9C440A9}.Release|x64.Build.0 = Release|Any CPU
		{87C24EE1-E383-44F7-817A-AA51B9C440A9}.Release|x86.ActiveCfg = Release|Any CPU
		{87C24EE1-E383-44F7-817A-AA51B9C440A9}.Release|x86.Build.0 = Release|Any CPU
		{87C24EE1-E383-44F7-817A-AA51B9C440A9}.SingleImage|Any CPU.ActiveCfg = Release|Any CPU
		{87C24EE1-E383-44F7-817A-AA51B9C440A9}.SingleImage|Any CPU.Build.0 = Release|Any CPU
		{87C24EE1-E383-44F7-817A-AA51B9C440A9}.SingleImage|x64.ActiveCfg = Debug|Any CPU
		{87C24EE1-E383-44F7-817A-AA51B9C440A9}.SingleImage|x64.Build.0 = Debug|Any CPU
		{87C24EE1-E383-44F7-817A-AA51B9C440A9}.SingleImage|x86.ActiveCfg = Release|Any CPU
		{87C24EE1-E383-44F7-817A-AA51B9C440A9}.SingleImage|x86.Build.0 = Release|Any CPU
		{87C24EE1-E383-44F7-817A-AA51B9C440A9}.WebDeployment|Any CPU.ActiveCfg = Release|Any CPU
		{87C24EE1-E383-44F7-817A-AA51B9C440A9}.WebDeployment|Any CPU.Build.0 = Release|Any CPU
		{87C24EE1-E383-44F7-817A-AA51B9C440A9}.WebDeployment|x64.ActiveCfg = Debug|Any CPU
		{87C24EE1-E383-44F7-817A-AA51B9C440A9}.WebDeployment|x64.Build.0 = Debug|Any CPU
		{87C24EE1-E383-44F7-817A-AA51B9C440A9}.WebDeployment|x86.ActiveCfg = Release|Any CPU
		{87C24EE1-E383-44F7-817A-AA51B9C440A9}.WebDeployment|x86.Build.0 = Release|Any CPU
		{3A6F5387-2C73-4FF4-B3E2-73C086A0D9C5}.CD_ROM|Any CPU.ActiveCfg = Release|Any CPU
		{3A6F5387-2C73-4FF4-B3E2-73C086A0D9C5}.CD_ROM|Any CPU.Build.0 = Release|Any CPU
		{3A6F5387-2C73-4FF4-B3E2-73C086A0D9C5}.CD_ROM|x64.ActiveCfg = Debug|Any CPU
		{3A6F5387-2C73-4FF4-B3E2-73C086A0D9C5}.CD_ROM|x64.Build.0 = Debug|Any CPU
		{3A6F5387-2C73-4FF4-B3E2-73C086A0D9C5}.CD_ROM|x86.ActiveCfg = Release|Any CPU
		{3A6F5387-2C73-4FF4-B3E2-73C086A0D9C5}.CD_ROM|x86.Build.0 = Release|Any CPU
		{3A6F5387-2C73-4FF4-B3E2-73C086A0D9C5}.Custom|Any CPU.ActiveCfg = Release|Any CPU
		{3A6F5387-2C73-4FF4-B3E2-73C086A0D9C5}.Custom|Any CPU.Build.0 = Release|Any CPU
		{3A6F5387-2C73-4FF4-B3E2-73C086A0D9C5}.Custom|x64.ActiveCfg = Debug|Any CPU
		{3A6F5387-2C73-4FF4-B3E2-73C086A0D9C5}.Custom|x64.Build.0 = Debug|Any CPU
		{3A6F5387-2C73-4FF4-B3E2-73C086A0D9C5}.Custom|x86.ActiveCfg = Release|Any CPU
		{3A6F5387-2C73-4FF4-B3E2-73C086A0D9C5}.Custom|x86.Build.0 = Release|Any CPU
		{3A6F5387-2C73-4FF4-B3E2-73C086A0D9C5}.Debug|Any CPU.ActiveCfg = Debug|Any CPU
		{3A6F5387-2C73-4FF4-B3E2-73C086A0D9C5}.Debug|Any CPU.Build.0 = Debug|Any CPU
		{3A6F5387-2C73-4FF4-B3E2-73C086A0D9C5}.Debug|x64.ActiveCfg = Debug|Any CPU
		{3A6F5387-2C73-4FF4-B3E2-73C086A0D9C5}.Debug|x64.Build.0 = Debug|Any CPU
		{3A6F5387-2C73-4FF4-B3E2-73C086A0D9C5}.Debug|x86.ActiveCfg = Debug|Any CPU
		{3A6F5387-2C73-4FF4-B3E2-73C086A0D9C5}.Debug|x86.Build.0 = Debug|Any CPU
		{3A6F5387-2C73-4FF4-B3E2-73C086A0D9C5}.DVD-10|Any CPU.ActiveCfg = Debug|Any CPU
		{3A6F5387-2C73-4FF4-B3E2-73C086A0D9C5}.DVD-10|Any CPU.Build.0 = Debug|Any CPU
		{3A6F5387-2C73-4FF4-B3E2-73C086A0D9C5}.DVD-10|x64.ActiveCfg = Debug|Any CPU
		{3A6F5387-2C73-4FF4-B3E2-73C086A0D9C5}.DVD-10|x64.Build.0 = Debug|Any CPU
		{3A6F5387-2C73-4FF4-B3E2-73C086A0D9C5}.DVD-10|x86.ActiveCfg = Debug|Any CPU
		{3A6F5387-2C73-4FF4-B3E2-73C086A0D9C5}.DVD-10|x86.Build.0 = Debug|Any CPU
		{3A6F5387-2C73-4FF4-B3E2-73C086A0D9C5}.DVD-18|Any CPU.ActiveCfg = Debug|Any CPU
		{3A6F5387-2C73-4FF4-B3E2-73C086A0D9C5}.DVD-18|Any CPU.Build.0 = Debug|Any CPU
		{3A6F5387-2C73-4FF4-B3E2-73C086A0D9C5}.DVD-18|x64.ActiveCfg = Debug|Any CPU
		{3A6F5387-2C73-4FF4-B3E2-73C086A0D9C5}.DVD-18|x64.Build.0 = Debug|Any CPU
		{3A6F5387-2C73-4FF4-B3E2-73C086A0D9C5}.DVD-18|x86.ActiveCfg = Debug|Any CPU
		{3A6F5387-2C73-4FF4-B3E2-73C086A0D9C5}.DVD-18|x86.Build.0 = Debug|Any CPU
		{3A6F5387-2C73-4FF4-B3E2-73C086A0D9C5}.DVD-5|Any CPU.ActiveCfg = Debug|Any CPU
		{3A6F5387-2C73-4FF4-B3E2-73C086A0D9C5}.DVD-5|Any CPU.Build.0 = Debug|Any CPU
		{3A6F5387-2C73-4FF4-B3E2-73C086A0D9C5}.DVD-5|x64.ActiveCfg = Debug|Any CPU
		{3A6F5387-2C73-4FF4-B3E2-73C086A0D9C5}.DVD-5|x64.Build.0 = Debug|Any CPU
		{3A6F5387-2C73-4FF4-B3E2-73C086A0D9C5}.DVD-5|x86.ActiveCfg = Debug|Any CPU
		{3A6F5387-2C73-4FF4-B3E2-73C086A0D9C5}.DVD-5|x86.Build.0 = Debug|Any CPU
		{3A6F5387-2C73-4FF4-B3E2-73C086A0D9C5}.DVD-9|Any CPU.ActiveCfg = Debug|Any CPU
		{3A6F5387-2C73-4FF4-B3E2-73C086A0D9C5}.DVD-9|Any CPU.Build.0 = Debug|Any CPU
		{3A6F5387-2C73-4FF4-B3E2-73C086A0D9C5}.DVD-9|x64.ActiveCfg = Debug|Any CPU
		{3A6F5387-2C73-4FF4-B3E2-73C086A0D9C5}.DVD-9|x64.Build.0 = Debug|Any CPU
		{3A6F5387-2C73-4FF4-B3E2-73C086A0D9C5}.DVD-9|x86.ActiveCfg = Debug|Any CPU
		{3A6F5387-2C73-4FF4-B3E2-73C086A0D9C5}.DVD-9|x86.Build.0 = Debug|Any CPU
		{3A6F5387-2C73-4FF4-B3E2-73C086A0D9C5}.Release Signed|Any CPU.ActiveCfg = Release|Any CPU
		{3A6F5387-2C73-4FF4-B3E2-73C086A0D9C5}.Release Signed|Any CPU.Build.0 = Release|Any CPU
		{3A6F5387-2C73-4FF4-B3E2-73C086A0D9C5}.Release Signed|x64.ActiveCfg = Release|Any CPU
		{3A6F5387-2C73-4FF4-B3E2-73C086A0D9C5}.Release Signed|x64.Build.0 = Release|Any CPU
		{3A6F5387-2C73-4FF4-B3E2-73C086A0D9C5}.Release Signed|x86.ActiveCfg = Release|Any CPU
		{3A6F5387-2C73-4FF4-B3E2-73C086A0D9C5}.Release Signed|x86.Build.0 = Release|Any CPU
		{3A6F5387-2C73-4FF4-B3E2-73C086A0D9C5}.Release|Any CPU.ActiveCfg = Release|Any CPU
		{3A6F5387-2C73-4FF4-B3E2-73C086A0D9C5}.Release|Any CPU.Build.0 = Release|Any CPU
		{3A6F5387-2C73-4FF4-B3E2-73C086A0D9C5}.Release|x64.ActiveCfg = Release|Any CPU
		{3A6F5387-2C73-4FF4-B3E2-73C086A0D9C5}.Release|x64.Build.0 = Release|Any CPU
		{3A6F5387-2C73-4FF4-B3E2-73C086A0D9C5}.Release|x86.ActiveCfg = Release|Any CPU
		{3A6F5387-2C73-4FF4-B3E2-73C086A0D9C5}.Release|x86.Build.0 = Release|Any CPU
		{3A6F5387-2C73-4FF4-B3E2-73C086A0D9C5}.SingleImage|Any CPU.ActiveCfg = Release|Any CPU
		{3A6F5387-2C73-4FF4-B3E2-73C086A0D9C5}.SingleImage|Any CPU.Build.0 = Release|Any CPU
		{3A6F5387-2C73-4FF4-B3E2-73C086A0D9C5}.SingleImage|x64.ActiveCfg = Debug|Any CPU
		{3A6F5387-2C73-4FF4-B3E2-73C086A0D9C5}.SingleImage|x64.Build.0 = Debug|Any CPU
		{3A6F5387-2C73-4FF4-B3E2-73C086A0D9C5}.SingleImage|x86.ActiveCfg = Release|Any CPU
		{3A6F5387-2C73-4FF4-B3E2-73C086A0D9C5}.SingleImage|x86.Build.0 = Release|Any CPU
		{3A6F5387-2C73-4FF4-B3E2-73C086A0D9C5}.WebDeployment|Any CPU.ActiveCfg = Release|Any CPU
		{3A6F5387-2C73-4FF4-B3E2-73C086A0D9C5}.WebDeployment|Any CPU.Build.0 = Release|Any CPU
		{3A6F5387-2C73-4FF4-B3E2-73C086A0D9C5}.WebDeployment|x64.ActiveCfg = Debug|Any CPU
		{3A6F5387-2C73-4FF4-B3E2-73C086A0D9C5}.WebDeployment|x64.Build.0 = Debug|Any CPU
		{3A6F5387-2C73-4FF4-B3E2-73C086A0D9C5}.WebDeployment|x86.ActiveCfg = Release|Any CPU
		{3A6F5387-2C73-4FF4-B3E2-73C086A0D9C5}.WebDeployment|x86.Build.0 = Release|Any CPU
		{9F944F30-FF50-4BE7-A4F9-F6F31D1C920E}.CD_ROM|Any CPU.ActiveCfg = Release|Any CPU
		{9F944F30-FF50-4BE7-A4F9-F6F31D1C920E}.CD_ROM|Any CPU.Build.0 = Release|Any CPU
		{9F944F30-FF50-4BE7-A4F9-F6F31D1C920E}.CD_ROM|x64.ActiveCfg = Debug|Any CPU
		{9F944F30-FF50-4BE7-A4F9-F6F31D1C920E}.CD_ROM|x64.Build.0 = Debug|Any CPU
		{9F944F30-FF50-4BE7-A4F9-F6F31D1C920E}.CD_ROM|x86.ActiveCfg = Release|Any CPU
		{9F944F30-FF50-4BE7-A4F9-F6F31D1C920E}.CD_ROM|x86.Build.0 = Release|Any CPU
		{9F944F30-FF50-4BE7-A4F9-F6F31D1C920E}.Custom|Any CPU.ActiveCfg = Release|Any CPU
		{9F944F30-FF50-4BE7-A4F9-F6F31D1C920E}.Custom|Any CPU.Build.0 = Release|Any CPU
		{9F944F30-FF50-4BE7-A4F9-F6F31D1C920E}.Custom|x64.ActiveCfg = Debug|Any CPU
		{9F944F30-FF50-4BE7-A4F9-F6F31D1C920E}.Custom|x64.Build.0 = Debug|Any CPU
		{9F944F30-FF50-4BE7-A4F9-F6F31D1C920E}.Custom|x86.ActiveCfg = Release|Any CPU
		{9F944F30-FF50-4BE7-A4F9-F6F31D1C920E}.Custom|x86.Build.0 = Release|Any CPU
		{9F944F30-FF50-4BE7-A4F9-F6F31D1C920E}.Debug|Any CPU.ActiveCfg = Debug|Any CPU
		{9F944F30-FF50-4BE7-A4F9-F6F31D1C920E}.Debug|Any CPU.Build.0 = Debug|Any CPU
		{9F944F30-FF50-4BE7-A4F9-F6F31D1C920E}.Debug|x64.ActiveCfg = Debug|Any CPU
		{9F944F30-FF50-4BE7-A4F9-F6F31D1C920E}.Debug|x64.Build.0 = Debug|Any CPU
		{9F944F30-FF50-4BE7-A4F9-F6F31D1C920E}.Debug|x86.ActiveCfg = Debug|Any CPU
		{9F944F30-FF50-4BE7-A4F9-F6F31D1C920E}.Debug|x86.Build.0 = Debug|Any CPU
		{9F944F30-FF50-4BE7-A4F9-F6F31D1C920E}.DVD-10|Any CPU.ActiveCfg = Debug|Any CPU
		{9F944F30-FF50-4BE7-A4F9-F6F31D1C920E}.DVD-10|Any CPU.Build.0 = Debug|Any CPU
		{9F944F30-FF50-4BE7-A4F9-F6F31D1C920E}.DVD-10|x64.ActiveCfg = Debug|Any CPU
		{9F944F30-FF50-4BE7-A4F9-F6F31D1C920E}.DVD-10|x64.Build.0 = Debug|Any CPU
		{9F944F30-FF50-4BE7-A4F9-F6F31D1C920E}.DVD-10|x86.ActiveCfg = Debug|Any CPU
		{9F944F30-FF50-4BE7-A4F9-F6F31D1C920E}.DVD-10|x86.Build.0 = Debug|Any CPU
		{9F944F30-FF50-4BE7-A4F9-F6F31D1C920E}.DVD-18|Any CPU.ActiveCfg = Debug|Any CPU
		{9F944F30-FF50-4BE7-A4F9-F6F31D1C920E}.DVD-18|Any CPU.Build.0 = Debug|Any CPU
		{9F944F30-FF50-4BE7-A4F9-F6F31D1C920E}.DVD-18|x64.ActiveCfg = Debug|Any CPU
		{9F944F30-FF50-4BE7-A4F9-F6F31D1C920E}.DVD-18|x64.Build.0 = Debug|Any CPU
		{9F944F30-FF50-4BE7-A4F9-F6F31D1C920E}.DVD-18|x86.ActiveCfg = Debug|Any CPU
		{9F944F30-FF50-4BE7-A4F9-F6F31D1C920E}.DVD-18|x86.Build.0 = Debug|Any CPU
		{9F944F30-FF50-4BE7-A4F9-F6F31D1C920E}.DVD-5|Any CPU.ActiveCfg = Debug|Any CPU
		{9F944F30-FF50-4BE7-A4F9-F6F31D1C920E}.DVD-5|Any CPU.Build.0 = Debug|Any CPU
		{9F944F30-FF50-4BE7-A4F9-F6F31D1C920E}.DVD-5|x64.ActiveCfg = Debug|Any CPU
		{9F944F30-FF50-4BE7-A4F9-F6F31D1C920E}.DVD-5|x64.Build.0 = Debug|Any CPU
		{9F944F30-FF50-4BE7-A4F9-F6F31D1C920E}.DVD-5|x86.ActiveCfg = Debug|Any CPU
		{9F944F30-FF50-4BE7-A4F9-F6F31D1C920E}.DVD-5|x86.Build.0 = Debug|Any CPU
		{9F944F30-FF50-4BE7-A4F9-F6F31D1C920E}.DVD-9|Any CPU.ActiveCfg = Debug|Any CPU
		{9F944F30-FF50-4BE7-A4F9-F6F31D1C920E}.DVD-9|Any CPU.Build.0 = Debug|Any CPU
		{9F944F30-FF50-4BE7-A4F9-F6F31D1C920E}.DVD-9|x64.ActiveCfg = Debug|Any CPU
		{9F944F30-FF50-4BE7-A4F9-F6F31D1C920E}.DVD-9|x64.Build.0 = Debug|Any CPU
		{9F944F30-FF50-4BE7-A4F9-F6F31D1C920E}.DVD-9|x86.ActiveCfg = Debug|Any CPU
		{9F944F30-FF50-4BE7-A4F9-F6F31D1C920E}.DVD-9|x86.Build.0 = Debug|Any CPU
		{9F944F30-FF50-4BE7-A4F9-F6F31D1C920E}.Release Signed|Any CPU.ActiveCfg = Release|Any CPU
		{9F944F30-FF50-4BE7-A4F9-F6F31D1C920E}.Release Signed|Any CPU.Build.0 = Release|Any CPU
		{9F944F30-FF50-4BE7-A4F9-F6F31D1C920E}.Release Signed|x64.ActiveCfg = Release|Any CPU
		{9F944F30-FF50-4BE7-A4F9-F6F31D1C920E}.Release Signed|x64.Build.0 = Release|Any CPU
		{9F944F30-FF50-4BE7-A4F9-F6F31D1C920E}.Release Signed|x86.ActiveCfg = Release|Any CPU
		{9F944F30-FF50-4BE7-A4F9-F6F31D1C920E}.Release Signed|x86.Build.0 = Release|Any CPU
		{9F944F30-FF50-4BE7-A4F9-F6F31D1C920E}.Release|Any CPU.ActiveCfg = Release|Any CPU
		{9F944F30-FF50-4BE7-A4F9-F6F31D1C920E}.Release|Any CPU.Build.0 = Release|Any CPU
		{9F944F30-FF50-4BE7-A4F9-F6F31D1C920E}.Release|x64.ActiveCfg = Release|Any CPU
		{9F944F30-FF50-4BE7-A4F9-F6F31D1C920E}.Release|x64.Build.0 = Release|Any CPU
		{9F944F30-FF50-4BE7-A4F9-F6F31D1C920E}.Release|x86.ActiveCfg = Release|Any CPU
		{9F944F30-FF50-4BE7-A4F9-F6F31D1C920E}.Release|x86.Build.0 = Release|Any CPU
		{9F944F30-FF50-4BE7-A4F9-F6F31D1C920E}.SingleImage|Any CPU.ActiveCfg = Release|Any CPU
		{9F944F30-FF50-4BE7-A4F9-F6F31D1C920E}.SingleImage|Any CPU.Build.0 = Release|Any CPU
		{9F944F30-FF50-4BE7-A4F9-F6F31D1C920E}.SingleImage|x64.ActiveCfg = Debug|Any CPU
		{9F944F30-FF50-4BE7-A4F9-F6F31D1C920E}.SingleImage|x64.Build.0 = Debug|Any CPU
		{9F944F30-FF50-4BE7-A4F9-F6F31D1C920E}.SingleImage|x86.ActiveCfg = Release|Any CPU
		{9F944F30-FF50-4BE7-A4F9-F6F31D1C920E}.SingleImage|x86.Build.0 = Release|Any CPU
		{9F944F30-FF50-4BE7-A4F9-F6F31D1C920E}.WebDeployment|Any CPU.ActiveCfg = Release|Any CPU
		{9F944F30-FF50-4BE7-A4F9-F6F31D1C920E}.WebDeployment|Any CPU.Build.0 = Release|Any CPU
		{9F944F30-FF50-4BE7-A4F9-F6F31D1C920E}.WebDeployment|x64.ActiveCfg = Debug|Any CPU
		{9F944F30-FF50-4BE7-A4F9-F6F31D1C920E}.WebDeployment|x64.Build.0 = Debug|Any CPU
		{9F944F30-FF50-4BE7-A4F9-F6F31D1C920E}.WebDeployment|x86.ActiveCfg = Release|Any CPU
		{9F944F30-FF50-4BE7-A4F9-F6F31D1C920E}.WebDeployment|x86.Build.0 = Release|Any CPU
		{DE7772F6-63E8-4E57-B6A8-E121F983FD06}.CD_ROM|Any CPU.ActiveCfg = Release|Any CPU
		{DE7772F6-63E8-4E57-B6A8-E121F983FD06}.CD_ROM|Any CPU.Build.0 = Release|Any CPU
		{DE7772F6-63E8-4E57-B6A8-E121F983FD06}.CD_ROM|x64.ActiveCfg = Debug|Any CPU
		{DE7772F6-63E8-4E57-B6A8-E121F983FD06}.CD_ROM|x64.Build.0 = Debug|Any CPU
		{DE7772F6-63E8-4E57-B6A8-E121F983FD06}.CD_ROM|x86.ActiveCfg = Release|Any CPU
		{DE7772F6-63E8-4E57-B6A8-E121F983FD06}.CD_ROM|x86.Build.0 = Release|Any CPU
		{DE7772F6-63E8-4E57-B6A8-E121F983FD06}.Custom|Any CPU.ActiveCfg = Release|Any CPU
		{DE7772F6-63E8-4E57-B6A8-E121F983FD06}.Custom|Any CPU.Build.0 = Release|Any CPU
		{DE7772F6-63E8-4E57-B6A8-E121F983FD06}.Custom|x64.ActiveCfg = Debug|Any CPU
		{DE7772F6-63E8-4E57-B6A8-E121F983FD06}.Custom|x64.Build.0 = Debug|Any CPU
		{DE7772F6-63E8-4E57-B6A8-E121F983FD06}.Custom|x86.ActiveCfg = Release|Any CPU
		{DE7772F6-63E8-4E57-B6A8-E121F983FD06}.Custom|x86.Build.0 = Release|Any CPU
		{DE7772F6-63E8-4E57-B6A8-E121F983FD06}.Debug|Any CPU.ActiveCfg = Debug|Any CPU
		{DE7772F6-63E8-4E57-B6A8-E121F983FD06}.Debug|Any CPU.Build.0 = Debug|Any CPU
		{DE7772F6-63E8-4E57-B6A8-E121F983FD06}.Debug|x64.ActiveCfg = Debug|Any CPU
		{DE7772F6-63E8-4E57-B6A8-E121F983FD06}.Debug|x64.Build.0 = Debug|Any CPU
		{DE7772F6-63E8-4E57-B6A8-E121F983FD06}.Debug|x86.ActiveCfg = Debug|Any CPU
		{DE7772F6-63E8-4E57-B6A8-E121F983FD06}.Debug|x86.Build.0 = Debug|Any CPU
		{DE7772F6-63E8-4E57-B6A8-E121F983FD06}.DVD-10|Any CPU.ActiveCfg = Debug|Any CPU
		{DE7772F6-63E8-4E57-B6A8-E121F983FD06}.DVD-10|Any CPU.Build.0 = Debug|Any CPU
		{DE7772F6-63E8-4E57-B6A8-E121F983FD06}.DVD-10|x64.ActiveCfg = Debug|Any CPU
		{DE7772F6-63E8-4E57-B6A8-E121F983FD06}.DVD-10|x64.Build.0 = Debug|Any CPU
		{DE7772F6-63E8-4E57-B6A8-E121F983FD06}.DVD-10|x86.ActiveCfg = Debug|Any CPU
		{DE7772F6-63E8-4E57-B6A8-E121F983FD06}.DVD-10|x86.Build.0 = Debug|Any CPU
		{DE7772F6-63E8-4E57-B6A8-E121F983FD06}.DVD-18|Any CPU.ActiveCfg = Debug|Any CPU
		{DE7772F6-63E8-4E57-B6A8-E121F983FD06}.DVD-18|Any CPU.Build.0 = Debug|Any CPU
		{DE7772F6-63E8-4E57-B6A8-E121F983FD06}.DVD-18|x64.ActiveCfg = Debug|Any CPU
		{DE7772F6-63E8-4E57-B6A8-E121F983FD06}.DVD-18|x64.Build.0 = Debug|Any CPU
		{DE7772F6-63E8-4E57-B6A8-E121F983FD06}.DVD-18|x86.ActiveCfg = Debug|Any CPU
		{DE7772F6-63E8-4E57-B6A8-E121F983FD06}.DVD-18|x86.Build.0 = Debug|Any CPU
		{DE7772F6-63E8-4E57-B6A8-E121F983FD06}.DVD-5|Any CPU.ActiveCfg = Debug|Any CPU
		{DE7772F6-63E8-4E57-B6A8-E121F983FD06}.DVD-5|Any CPU.Build.0 = Debug|Any CPU
		{DE7772F6-63E8-4E57-B6A8-E121F983FD06}.DVD-5|x64.ActiveCfg = Debug|Any CPU
		{DE7772F6-63E8-4E57-B6A8-E121F983FD06}.DVD-5|x64.Build.0 = Debug|Any CPU
		{DE7772F6-63E8-4E57-B6A8-E121F983FD06}.DVD-5|x86.ActiveCfg = Debug|Any CPU
		{DE7772F6-63E8-4E57-B6A8-E121F983FD06}.DVD-5|x86.Build.0 = Debug|Any CPU
		{DE7772F6-63E8-4E57-B6A8-E121F983FD06}.DVD-9|Any CPU.ActiveCfg = Debug|Any CPU
		{DE7772F6-63E8-4E57-B6A8-E121F983FD06}.DVD-9|Any CPU.Build.0 = Debug|Any CPU
		{DE7772F6-63E8-4E57-B6A8-E121F983FD06}.DVD-9|x64.ActiveCfg = Debug|Any CPU
		{DE7772F6-63E8-4E57-B6A8-E121F983FD06}.DVD-9|x64.Build.0 = Debug|Any CPU
		{DE7772F6-63E8-4E57-B6A8-E121F983FD06}.DVD-9|x86.ActiveCfg = Debug|Any CPU
		{DE7772F6-63E8-4E57-B6A8-E121F983FD06}.DVD-9|x86.Build.0 = Debug|Any CPU
		{DE7772F6-63E8-4E57-B6A8-E121F983FD06}.Release Signed|Any CPU.ActiveCfg = Release|Any CPU
		{DE7772F6-63E8-4E57-B6A8-E121F983FD06}.Release Signed|Any CPU.Build.0 = Release|Any CPU
		{DE7772F6-63E8-4E57-B6A8-E121F983FD06}.Release Signed|x64.ActiveCfg = Release|Any CPU
		{DE7772F6-63E8-4E57-B6A8-E121F983FD06}.Release Signed|x64.Build.0 = Release|Any CPU
		{DE7772F6-63E8-4E57-B6A8-E121F983FD06}.Release Signed|x86.ActiveCfg = Release|Any CPU
		{DE7772F6-63E8-4E57-B6A8-E121F983FD06}.Release Signed|x86.Build.0 = Release|Any CPU
		{DE7772F6-63E8-4E57-B6A8-E121F983FD06}.Release|Any CPU.ActiveCfg = Release|Any CPU
		{DE7772F6-63E8-4E57-B6A8-E121F983FD06}.Release|Any CPU.Build.0 = Release|Any CPU
		{DE7772F6-63E8-4E57-B6A8-E121F983FD06}.Release|x64.ActiveCfg = Release|Any CPU
		{DE7772F6-63E8-4E57-B6A8-E121F983FD06}.Release|x64.Build.0 = Release|Any CPU
		{DE7772F6-63E8-4E57-B6A8-E121F983FD06}.Release|x86.ActiveCfg = Release|Any CPU
		{DE7772F6-63E8-4E57-B6A8-E121F983FD06}.Release|x86.Build.0 = Release|Any CPU
		{DE7772F6-63E8-4E57-B6A8-E121F983FD06}.SingleImage|Any CPU.ActiveCfg = Release|Any CPU
		{DE7772F6-63E8-4E57-B6A8-E121F983FD06}.SingleImage|Any CPU.Build.0 = Release|Any CPU
		{DE7772F6-63E8-4E57-B6A8-E121F983FD06}.SingleImage|x64.ActiveCfg = Debug|Any CPU
		{DE7772F6-63E8-4E57-B6A8-E121F983FD06}.SingleImage|x64.Build.0 = Debug|Any CPU
		{DE7772F6-63E8-4E57-B6A8-E121F983FD06}.SingleImage|x86.ActiveCfg = Release|Any CPU
		{DE7772F6-63E8-4E57-B6A8-E121F983FD06}.SingleImage|x86.Build.0 = Release|Any CPU
		{DE7772F6-63E8-4E57-B6A8-E121F983FD06}.WebDeployment|Any CPU.ActiveCfg = Release|Any CPU
		{DE7772F6-63E8-4E57-B6A8-E121F983FD06}.WebDeployment|Any CPU.Build.0 = Release|Any CPU
		{DE7772F6-63E8-4E57-B6A8-E121F983FD06}.WebDeployment|x64.ActiveCfg = Debug|Any CPU
		{DE7772F6-63E8-4E57-B6A8-E121F983FD06}.WebDeployment|x64.Build.0 = Debug|Any CPU
		{DE7772F6-63E8-4E57-B6A8-E121F983FD06}.WebDeployment|x86.ActiveCfg = Release|Any CPU
		{DE7772F6-63E8-4E57-B6A8-E121F983FD06}.WebDeployment|x86.Build.0 = Release|Any CPU
	EndGlobalSection
	GlobalSection(SolutionProperties) = preSolution
		HideSolutionNode = FALSE
	EndGlobalSection
	GlobalSection(ExtensibilityGlobals) = postSolution
		SolutionGuid = {7A140FFE-B216-443A-8E6E-FD8AF8DB357B}
	EndGlobalSection
EndGlobal
